
Microsoft Visual Studio Solution File, Format Version 12.00
# Visual Studio Version 16
VisualStudioVersion = 16.0.31605.320
MinimumVisualStudioVersion = 10.0.40219.1
Project("{9A19103F-16F7-4668-BE54-9A1E7A4F7556}") = "1.Bonus Scoring System", "Bonus Scoring System\1.Bonus Scoring System.csproj", "{55E24C74-2AAA-4E11-A4B0-7F925BDD1196}"
EndProject
Project("{9A19103F-16F7-4668-BE54-9A1E7A4F7556}") = "3.Nascar Qualifications", "Nascar Qualifications\3.Nascar Qualifications.csproj", "{456E425C-8917-4F9A-A761-3BB99D8A602A}"
EndProject
Project("{FAE04EC0-301F-11D3-BF4B-00C04F79EFBC}") = "2.Emoji Sumator", "Emoji Sumator\2.Emoji Sumator.csproj", "{B5884264-168A-4518-9006-2AAF2928CBC5}"
EndProject
Project("{FAE04EC0-301F-11D3-BF4B-00C04F79EFBC}") = "4.International SoftUniada", "4.International SoftUniada\4.International SoftUniada.csproj", "{1814727A-D25E-4B72-A8AD-802585F3291B}"
EndProject
Global
	GlobalSection(SolutionConfigurationPlatforms) = preSolution
		Debug|Any CPU = Debug|Any CPU
		Release|Any CPU = Release|Any CPU
	EndGlobalSection
	GlobalSection(ProjectConfigurationPlatforms) = postSolution
		{55E24C74-2AAA-4E11-A4B0-7F925BDD1196}.Debug|Any CPU.ActiveCfg = Debug|Any CPU
		{55E24C74-2AAA-4E11-A4B0-7F925BDD1196}.Debug|Any CPU.Build.0 = Debug|Any CPU
		{55E24C74-2AAA-4E11-A4B0-7F925BDD1196}.Release|Any CPU.ActiveCfg = Release|Any CPU
		{55E24C74-2AAA-4E11-A4B0-7F925BDD1196}.Release|Any CPU.Build.0 = Release|Any CPU
		{456E425C-8917-4F9A-A761-3BB99D8A602A}.Debug|Any CPU.ActiveCfg = Debug|Any CPU
		{456E425C-8917-4F9A-A761-3BB99D8A602A}.Debug|Any CPU.Build.0 = Debug|Any CPU
		{456E425C-8917-4F9A-A761-3BB99D8A602A}.Release|Any CPU.ActiveCfg = Release|Any CPU
		{456E425C-8917-4F9A-A761-3BB99D8A602A}.Release|Any CPU.Build.0 = Release|Any CPU
		{B5884264-168A-4518-9006-2AAF2928CBC5}.Debug|Any CPU.ActiveCfg = Debug|Any CPU
		{B5884264-168A-4518-9006-2AAF2928CBC5}.Debug|Any CPU.Build.0 = Debug|Any CPU
		{B5884264-168A-4518-9006-2AAF2928CBC5}.Release|Any CPU.ActiveCfg = Release|Any CPU
		{B5884264-168A-4518-9006-2AAF2928CBC5}.Release|Any CPU.Build.0 = Release|Any CPU
		{1814727A-D25E-4B72-A8AD-802585F3291B}.Debug|Any CPU.ActiveCfg = Debug|Any CPU
		{1814727A-D25E-4B72-A8AD-802585F3291B}.Debug|Any CPU.Build.0 = Debug|Any CPU
		{1814727A-D25E-4B72-A8AD-802585F3291B}.Release|Any CPU.ActiveCfg = Release|Any CPU
		{1814727A-D25E-4B72-A8AD-802585F3291B}.Release|Any CPU.Build.0 = Release|Any CPU
	EndGlobalSection
	GlobalSection(SolutionProperties) = preSolution
		HideSolutionNode = FALSE
	EndGlobalSection
	GlobalSection(ExtensibilityGlobals) = postSolution
		SolutionGuid = {565F3B7C-EC4F-41A3-946A-16315A8FC057}
	EndGlobalSection
EndGlobal
