
Microsoft Visual Studio Solution File, Format Version 12.00
# Visual Studio Version 16
VisualStudioVersion = 16.0.31911.196
MinimumVisualStudioVersion = 10.0.40219.1
Project("{9A19103F-16F7-4668-BE54-9A1E7A4F7556}") = "OnlineShop", "01. Structure & 02. Business Logic\OnlineShop\OnlineShop.csproj", "{B2241A66-EFE2-483E-87EB-AFAE34C11F78}"
EndProject
Project("{9A19103F-16F7-4668-BE54-9A1E7A4F7556}") = "Computers", "03. Unit Tests\Computers\Computers.csproj", "{41FAE201-625A-414E-BD9A-3B024E6BF759}"
EndProject
Project("{9A19103F-16F7-4668-BE54-9A1E7A4F7556}") = "Computers.Tests", "03. Unit Tests\Computers.Tests\Computers.Tests.csproj", "{3FA41834-4C11-40FF-A60D-6C10E09EF4BF}"
EndProject
Global
	GlobalSection(SolutionConfigurationPlatforms) = preSolution
		Debug|Any CPU = Debug|Any CPU
		Release|Any CPU = Release|Any CPU
	EndGlobalSection
	GlobalSection(ProjectConfigurationPlatforms) = postSolution
		{B2241A66-EFE2-483E-87EB-AFAE34C11F78}.Debug|Any CPU.ActiveCfg = Debug|Any CPU
		{B2241A66-EFE2-483E-87EB-AFAE34C11F78}.Debug|Any CPU.Build.0 = Debug|Any CPU
		{B2241A66-EFE2-483E-87EB-AFAE34C11F78}.Release|Any CPU.ActiveCfg = Release|Any CPU
		{B2241A66-EFE2-483E-87EB-AFAE34C11F78}.Release|Any CPU.Build.0 = Release|Any CPU
		{41FAE201-625A-414E-BD9A-3B024E6BF759}.Debug|Any CPU.ActiveCfg = Debug|Any CPU
		{41FAE201-625A-414E-BD9A-3B024E6BF759}.Debug|Any CPU.Build.0 = Debug|Any CPU
		{41FAE201-625A-414E-BD9A-3B024E6BF759}.Release|Any CPU.ActiveCfg = Release|Any CPU
		{41FAE201-625A-414E-BD9A-3B024E6BF759}.Release|Any CPU.Build.0 = Release|Any CPU
		{3FA41834-4C11-40FF-A60D-6C10E09EF4BF}.Debug|Any CPU.ActiveCfg = Debug|Any CPU
		{3FA41834-4C11-40FF-A60D-6C10E09EF4BF}.Debug|Any CPU.Build.0 = Debug|Any CPU
		{3FA41834-4C11-40FF-A60D-6C10E09EF4BF}.Release|Any CPU.ActiveCfg = Release|Any CPU
		{3FA41834-4C11-40FF-A60D-6C10E09EF4BF}.Release|Any CPU.Build.0 = Release|Any CPU
	EndGlobalSection
	GlobalSection(SolutionProperties) = preSolution
		HideSolutionNode = FALSE
	EndGlobalSection
	GlobalSection(ExtensibilityGlobals) = postSolution
		SolutionGuid = {A0F71F58-2236-460B-93B2-566CD3D82588}
	EndGlobalSection
EndGlobal
