
Microsoft Visual Studio Solution File, Format Version 12.00
# Visual Studio Version 16
VisualStudioVersion = 16.0.31624.102
MinimumVisualStudioVersion = 10.0.40219.1
Project("{9A19103F-16F7-4668-BE54-9A1E7A4F7556}") = "1. Car", "1. Car\1. Car.csproj", "{09821577-70C4-410E-892B-1E5B86B3D4E8}"
EndProject
Project("{9A19103F-16F7-4668-BE54-9A1E7A4F7556}") = "2. Car Extension", "2. Car Extension\2. Car Extension.csproj", "{985423E1-FA2C-4F23-B2C3-60003020A91B}"
EndProject
Project("{9A19103F-16F7-4668-BE54-9A1E7A4F7556}") = "3. Car Constructors", "3. Car Constructors\3. Car Constructors.csproj", "{9BF95C92-0634-4244-AF65-7FD29AE1D716}"
EndProject
Project("{9A19103F-16F7-4668-BE54-9A1E7A4F7556}") = "4. Car Engine And Tires", "4. Car Engine And Tires\4. Car Engine And Tires.csproj", "{4167EC5E-50C3-45FF-A59C-4406CA9CAFBC}"
EndProject
Project("{9A19103F-16F7-4668-BE54-9A1E7A4F7556}") = "CarManufacturer", "5. Special Cars\CarManufacturer.csproj", "{1518B8C8-6C65-4D47-917E-46262B31C51A}"
EndProject
Global
	GlobalSection(SolutionConfigurationPlatforms) = preSolution
		Debug|Any CPU = Debug|Any CPU
		Release|Any CPU = Release|Any CPU
	EndGlobalSection
	GlobalSection(ProjectConfigurationPlatforms) = postSolution
		{09821577-70C4-410E-892B-1E5B86B3D4E8}.Debug|Any CPU.ActiveCfg = Debug|Any CPU
		{09821577-70C4-410E-892B-1E5B86B3D4E8}.Debug|Any CPU.Build.0 = Debug|Any CPU
		{09821577-70C4-410E-892B-1E5B86B3D4E8}.Release|Any CPU.ActiveCfg = Release|Any CPU
		{09821577-70C4-410E-892B-1E5B86B3D4E8}.Release|Any CPU.Build.0 = Release|Any CPU
		{985423E1-FA2C-4F23-B2C3-60003020A91B}.Debug|Any CPU.ActiveCfg = Debug|Any CPU
		{985423E1-FA2C-4F23-B2C3-60003020A91B}.Debug|Any CPU.Build.0 = Debug|Any CPU
		{985423E1-FA2C-4F23-B2C3-60003020A91B}.Release|Any CPU.ActiveCfg = Release|Any CPU
		{985423E1-FA2C-4F23-B2C3-60003020A91B}.Release|Any CPU.Build.0 = Release|Any CPU
		{9BF95C92-0634-4244-AF65-7FD29AE1D716}.Debug|Any CPU.ActiveCfg = Debug|Any CPU
		{9BF95C92-0634-4244-AF65-7FD29AE1D716}.Debug|Any CPU.Build.0 = Debug|Any CPU
		{9BF95C92-0634-4244-AF65-7FD29AE1D716}.Release|Any CPU.ActiveCfg = Release|Any CPU
		{9BF95C92-0634-4244-AF65-7FD29AE1D716}.Release|Any CPU.Build.0 = Release|Any CPU
		{4167EC5E-50C3-45FF-A59C-4406CA9CAFBC}.Debug|Any CPU.ActiveCfg = Debug|Any CPU
		{4167EC5E-50C3-45FF-A59C-4406CA9CAFBC}.Debug|Any CPU.Build.0 = Debug|Any CPU
		{4167EC5E-50C3-45FF-A59C-4406CA9CAFBC}.Release|Any CPU.ActiveCfg = Release|Any CPU
		{4167EC5E-50C3-45FF-A59C-4406CA9CAFBC}.Release|Any CPU.Build.0 = Release|Any CPU
		{1518B8C8-6C65-4D47-917E-46262B31C51A}.Debug|Any CPU.ActiveCfg = Debug|Any CPU
		{1518B8C8-6C65-4D47-917E-46262B31C51A}.Debug|Any CPU.Build.0 = Debug|Any CPU
		{1518B8C8-6C65-4D47-917E-46262B31C51A}.Release|Any CPU.ActiveCfg = Release|Any CPU
		{1518B8C8-6C65-4D47-917E-46262B31C51A}.Release|Any CPU.Build.0 = Release|Any CPU
	EndGlobalSection
	GlobalSection(SolutionProperties) = preSolution
		HideSolutionNode = FALSE
	EndGlobalSection
	GlobalSection(ExtensibilityGlobals) = postSolution
		SolutionGuid = {E53F82FC-07D9-46F7-A873-AD31E3DE7208}
	EndGlobalSection
EndGlobal
