
Microsoft Visual Studio Solution File, Format Version 12.00
# Visual Studio Version 16
VisualStudioVersion = 16.0.31205.134
MinimumVisualStudioVersion = 10.0.40219.1
Project("{9A19103F-16F7-4668-BE54-9A1E7A4F7556}") = "01. Convert Meters to Kilometers", "01. Convert Meters to Kilometers\01. Convert Meters to Kilometers.csproj", "{4D79A38B-AB56-4A78-B80C-641F6B87CDD9}"
EndProject
Project("{9A19103F-16F7-4668-BE54-9A1E7A4F7556}") = "02. Pounds to Dollars", "02. Pounds to Dollars\02. Pounds to Dollars.csproj", "{449EF568-65B1-426A-82FF-810AAE595799}"
EndProject
Project("{9A19103F-16F7-4668-BE54-9A1E7A4F7556}") = "03. Exact Sum of Real Numbers", "03. Exact Sum of Real Numbers\03. Exact Sum of Real Numbers.csproj", "{D91A2AFF-C9B4-4408-BD5E-A2A1A08F4286}"
EndProject
Project("{9A19103F-16F7-4668-BE54-9A1E7A4F7556}") = "04. Centuries to Minutes", "04. Centuries to Minutes\04. Centuries to Minutes.csproj", "{87EB0741-39C0-46F8-9FD7-EB8848399C38}"
EndProject
Project("{9A19103F-16F7-4668-BE54-9A1E7A4F7556}") = "05. Special Numbers", "05. Special Numbers\05. Special Numbers.csproj", "{1540B787-0D9D-4588-BE35-13C7147D3258}"
EndProject
Project("{9A19103F-16F7-4668-BE54-9A1E7A4F7556}") = "06. Reversed Chars", "06. Reversed Chars\06. Reversed Chars.csproj", "{87AB4891-5A31-4A91-A47C-60F3108473D2}"
EndProject
Project("{9A19103F-16F7-4668-BE54-9A1E7A4F7556}") = "07. Concat Names", "07. Concat Names\07. Concat Names.csproj", "{1CFD09AC-3E5D-4042-9E1F-555F3E5E8681}"
EndProject
Project("{FAE04EC0-301F-11D3-BF4B-00C04F79EFBC}") = "08. Town Info", "08. Town Info\08. Town Info.csproj", "{1D4629CF-F4CF-4E6D-A50C-37595E0783F5}"
EndProject
Project("{FAE04EC0-301F-11D3-BF4B-00C04F79EFBC}") = "09. Chars to String", "09. Chars to String\09. Chars to String.csproj", "{5C259F88-6EBB-462C-912E-BF38978664E3}"
EndProject
Project("{FAE04EC0-301F-11D3-BF4B-00C04F79EFBC}") = "10. Lower or Upper", "10. Lower or Upper\10. Lower or Upper.csproj", "{74FB5A40-C862-4208-B0AE-E6EFDFDA8B08}"
EndProject
Project("{FAE04EC0-301F-11D3-BF4B-00C04F79EFBC}") = "11. Refactor Volume of Pyramid", "11. Refactor Volume of Pyramid\11. Refactor Volume of Pyramid.csproj", "{8DF74E3C-F566-4DCA-9AF6-06DFA896A25D}"
EndProject
Project("{FAE04EC0-301F-11D3-BF4B-00C04F79EFBC}") = "12. Refactor Special Numbers", "12. Refactor Special Numbers\12. Refactor Special Numbers.csproj", "{A06CF297-81AC-4ABA-9288-4E8906B11EF7}"
EndProject
Global
	GlobalSection(SolutionConfigurationPlatforms) = preSolution
		Debug|Any CPU = Debug|Any CPU
		Release|Any CPU = Release|Any CPU
	EndGlobalSection
	GlobalSection(ProjectConfigurationPlatforms) = postSolution
		{4D79A38B-AB56-4A78-B80C-641F6B87CDD9}.Debug|Any CPU.ActiveCfg = Debug|Any CPU
		{4D79A38B-AB56-4A78-B80C-641F6B87CDD9}.Debug|Any CPU.Build.0 = Debug|Any CPU
		{4D79A38B-AB56-4A78-B80C-641F6B87CDD9}.Release|Any CPU.ActiveCfg = Release|Any CPU
		{4D79A38B-AB56-4A78-B80C-641F6B87CDD9}.Release|Any CPU.Build.0 = Release|Any CPU
		{449EF568-65B1-426A-82FF-810AAE595799}.Debug|Any CPU.ActiveCfg = Debug|Any CPU
		{449EF568-65B1-426A-82FF-810AAE595799}.Debug|Any CPU.Build.0 = Debug|Any CPU
		{449EF568-65B1-426A-82FF-810AAE595799}.Release|Any CPU.ActiveCfg = Release|Any CPU
		{449EF568-65B1-426A-82FF-810AAE595799}.Release|Any CPU.Build.0 = Release|Any CPU
		{D91A2AFF-C9B4-4408-BD5E-A2A1A08F4286}.Debug|Any CPU.ActiveCfg = Debug|Any CPU
		{D91A2AFF-C9B4-4408-BD5E-A2A1A08F4286}.Debug|Any CPU.Build.0 = Debug|Any CPU
		{D91A2AFF-C9B4-4408-BD5E-A2A1A08F4286}.Release|Any CPU.ActiveCfg = Release|Any CPU
		{D91A2AFF-C9B4-4408-BD5E-A2A1A08F4286}.Release|Any CPU.Build.0 = Release|Any CPU
		{87EB0741-39C0-46F8-9FD7-EB8848399C38}.Debug|Any CPU.ActiveCfg = Debug|Any CPU
		{87EB0741-39C0-46F8-9FD7-EB8848399C38}.Debug|Any CPU.Build.0 = Debug|Any CPU
		{87EB0741-39C0-46F8-9FD7-EB8848399C38}.Release|Any CPU.ActiveCfg = Release|Any CPU
		{87EB0741-39C0-46F8-9FD7-EB8848399C38}.Release|Any CPU.Build.0 = Release|Any CPU
		{1540B787-0D9D-4588-BE35-13C7147D3258}.Debug|Any CPU.ActiveCfg = Debug|Any CPU
		{1540B787-0D9D-4588-BE35-13C7147D3258}.Debug|Any CPU.Build.0 = Debug|Any CPU
		{1540B787-0D9D-4588-BE35-13C7147D3258}.Release|Any CPU.ActiveCfg = Release|Any CPU
		{1540B787-0D9D-4588-BE35-13C7147D3258}.Release|Any CPU.Build.0 = Release|Any CPU
		{87AB4891-5A31-4A91-A47C-60F3108473D2}.Debug|Any CPU.ActiveCfg = Debug|Any CPU
		{87AB4891-5A31-4A91-A47C-60F3108473D2}.Debug|Any CPU.Build.0 = Debug|Any CPU
		{87AB4891-5A31-4A91-A47C-60F3108473D2}.Release|Any CPU.ActiveCfg = Release|Any CPU
		{87AB4891-5A31-4A91-A47C-60F3108473D2}.Release|Any CPU.Build.0 = Release|Any CPU
		{1CFD09AC-3E5D-4042-9E1F-555F3E5E8681}.Debug|Any CPU.ActiveCfg = Debug|Any CPU
		{1CFD09AC-3E5D-4042-9E1F-555F3E5E8681}.Debug|Any CPU.Build.0 = Debug|Any CPU
		{1CFD09AC-3E5D-4042-9E1F-555F3E5E8681}.Release|Any CPU.ActiveCfg = Release|Any CPU
		{1CFD09AC-3E5D-4042-9E1F-555F3E5E8681}.Release|Any CPU.Build.0 = Release|Any CPU
		{1D4629CF-F4CF-4E6D-A50C-37595E0783F5}.Debug|Any CPU.ActiveCfg = Debug|Any CPU
		{1D4629CF-F4CF-4E6D-A50C-37595E0783F5}.Debug|Any CPU.Build.0 = Debug|Any CPU
		{1D4629CF-F4CF-4E6D-A50C-37595E0783F5}.Release|Any CPU.ActiveCfg = Release|Any CPU
		{1D4629CF-F4CF-4E6D-A50C-37595E0783F5}.Release|Any CPU.Build.0 = Release|Any CPU
		{5C259F88-6EBB-462C-912E-BF38978664E3}.Debug|Any CPU.ActiveCfg = Debug|Any CPU
		{5C259F88-6EBB-462C-912E-BF38978664E3}.Debug|Any CPU.Build.0 = Debug|Any CPU
		{5C259F88-6EBB-462C-912E-BF38978664E3}.Release|Any CPU.ActiveCfg = Release|Any CPU
		{5C259F88-6EBB-462C-912E-BF38978664E3}.Release|Any CPU.Build.0 = Release|Any CPU
		{74FB5A40-C862-4208-B0AE-E6EFDFDA8B08}.Debug|Any CPU.ActiveCfg = Debug|Any CPU
		{74FB5A40-C862-4208-B0AE-E6EFDFDA8B08}.Debug|Any CPU.Build.0 = Debug|Any CPU
		{74FB5A40-C862-4208-B0AE-E6EFDFDA8B08}.Release|Any CPU.ActiveCfg = Release|Any CPU
		{74FB5A40-C862-4208-B0AE-E6EFDFDA8B08}.Release|Any CPU.Build.0 = Release|Any CPU
		{8DF74E3C-F566-4DCA-9AF6-06DFA896A25D}.Debug|Any CPU.ActiveCfg = Debug|Any CPU
		{8DF74E3C-F566-4DCA-9AF6-06DFA896A25D}.Debug|Any CPU.Build.0 = Debug|Any CPU
		{8DF74E3C-F566-4DCA-9AF6-06DFA896A25D}.Release|Any CPU.ActiveCfg = Release|Any CPU
		{8DF74E3C-F566-4DCA-9AF6-06DFA896A25D}.Release|Any CPU.Build.0 = Release|Any CPU
		{A06CF297-81AC-4ABA-9288-4E8906B11EF7}.Debug|Any CPU.ActiveCfg = Debug|Any CPU
		{A06CF297-81AC-4ABA-9288-4E8906B11EF7}.Debug|Any CPU.Build.0 = Debug|Any CPU
		{A06CF297-81AC-4ABA-9288-4E8906B11EF7}.Release|Any CPU.ActiveCfg = Release|Any CPU
		{A06CF297-81AC-4ABA-9288-4E8906B11EF7}.Release|Any CPU.Build.0 = Release|Any CPU
	EndGlobalSection
	GlobalSection(SolutionProperties) = preSolution
		HideSolutionNode = FALSE
	EndGlobalSection
	GlobalSection(ExtensibilityGlobals) = postSolution
		SolutionGuid = {4CA36ACE-2AFB-4BC4-B162-36F5FB4758E4}
	EndGlobalSection
EndGlobal
