
Microsoft Visual Studio Solution File, Format Version 12.00
# Visual Studio Version 17
VisualStudioVersion = 17.3.32901.215
MinimumVisualStudioVersion = 10.0.40219.1
Project("{9A19103F-16F7-4668-BE54-9A1E7A4F7556}") = "01. Cable Merchant", "01. Cable Merchant\01. Cable Merchant.csproj", "{C933086C-0674-4D75-A4CA-A6237248F070}"
EndProject
Project("{9A19103F-16F7-4668-BE54-9A1E7A4F7556}") = "02. Battle Points", "02. Battle Points\02. Battle Points.csproj", "{4A35CD5D-C1D8-4572-ABAE-F5FB5A0C7DE3}"
EndProject
Project("{9A19103F-16F7-4668-BE54-9A1E7A4F7556}") = "02. Battle Points - OOP", "02. Battle Points - OOP\02. Battle Points - OOP.csproj", "{93E74B7D-4302-4E36-82C1-F2D94F3B026F}"
EndProject
Project("{9A19103F-16F7-4668-BE54-9A1E7A4F7556}") = "03. Longest String Chain", "03. Longest String Chain\03. Longest String Chain.csproj", "{4918CC7A-5959-4AB2-AFC5-02F3F2854254}"
EndProject
Project("{FAE04EC0-301F-11D3-BF4B-00C04F79EFBC}") = "04. Longest Zigzag Subsequence", "04. Longest Zigzag Subsequence\04. Longest Zigzag Subsequence.csproj", "{38A2EDD8-3B40-4F8B-9424-C799BBC5C780}"
EndProject
Global
	GlobalSection(SolutionConfigurationPlatforms) = preSolution
		Debug|Any CPU = Debug|Any CPU
		Release|Any CPU = Release|Any CPU
	EndGlobalSection
	GlobalSection(ProjectConfigurationPlatforms) = postSolution
		{C933086C-0674-4D75-A4CA-A6237248F070}.Debug|Any CPU.ActiveCfg = Debug|Any CPU
		{C933086C-0674-4D75-A4CA-A6237248F070}.Debug|Any CPU.Build.0 = Debug|Any CPU
		{C933086C-0674-4D75-A4CA-A6237248F070}.Release|Any CPU.ActiveCfg = Release|Any CPU
		{C933086C-0674-4D75-A4CA-A6237248F070}.Release|Any CPU.Build.0 = Release|Any CPU
		{4A35CD5D-C1D8-4572-ABAE-F5FB5A0C7DE3}.Debug|Any CPU.ActiveCfg = Debug|Any CPU
		{4A35CD5D-C1D8-4572-ABAE-F5FB5A0C7DE3}.Debug|Any CPU.Build.0 = Debug|Any CPU
		{4A35CD5D-C1D8-4572-ABAE-F5FB5A0C7DE3}.Release|Any CPU.ActiveCfg = Release|Any CPU
		{4A35CD5D-C1D8-4572-ABAE-F5FB5A0C7DE3}.Release|Any CPU.Build.0 = Release|Any CPU
		{93E74B7D-4302-4E36-82C1-F2D94F3B026F}.Debug|Any CPU.ActiveCfg = Debug|Any CPU
		{93E74B7D-4302-4E36-82C1-F2D94F3B026F}.Debug|Any CPU.Build.0 = Debug|Any CPU
		{93E74B7D-4302-4E36-82C1-F2D94F3B026F}.Release|Any CPU.ActiveCfg = Release|Any CPU
		{93E74B7D-4302-4E36-82C1-F2D94F3B026F}.Release|Any CPU.Build.0 = Release|Any CPU
		{4918CC7A-5959-4AB2-AFC5-02F3F2854254}.Debug|Any CPU.ActiveCfg = Debug|Any CPU
		{4918CC7A-5959-4AB2-AFC5-02F3F2854254}.Debug|Any CPU.Build.0 = Debug|Any CPU
		{4918CC7A-5959-4AB2-AFC5-02F3F2854254}.Release|Any CPU.ActiveCfg = Release|Any CPU
		{4918CC7A-5959-4AB2-AFC5-02F3F2854254}.Release|Any CPU.Build.0 = Release|Any CPU
		{38A2EDD8-3B40-4F8B-9424-C799BBC5C780}.Debug|Any CPU.ActiveCfg = Debug|Any CPU
		{38A2EDD8-3B40-4F8B-9424-C799BBC5C780}.Debug|Any CPU.Build.0 = Debug|Any CPU
		{38A2EDD8-3B40-4F8B-9424-C799BBC5C780}.Release|Any CPU.ActiveCfg = Release|Any CPU
		{38A2EDD8-3B40-4F8B-9424-C799BBC5C780}.Release|Any CPU.Build.0 = Release|Any CPU
	EndGlobalSection
	GlobalSection(SolutionProperties) = preSolution
		HideSolutionNode = FALSE
	EndGlobalSection
	GlobalSection(ExtensibilityGlobals) = postSolution
		SolutionGuid = {4AC5E7F0-DAB9-4D26-9DD1-425FEAA2BCE8}
	EndGlobalSection
EndGlobal
