
Microsoft Visual Studio Solution File, Format Version 12.00
# Visual Studio Version 16
VisualStudioVersion = 16.0.31911.196
MinimumVisualStudioVersion = 10.0.40219.1
Project("{9A19103F-16F7-4668-BE54-9A1E7A4F7556}") = "WarCroft", "01. Structure & 02. Business Logic\WarCroft.csproj", "{1D784F82-8A6B-46B8-BC0D-79F12257D9A0}"
EndProject
Project("{9A19103F-16F7-4668-BE54-9A1E7A4F7556}") = "FestivalManager", "03. Unit Tests\FestivalManager\FestivalManager.csproj", "{8AC330F0-57DD-4C05-BE53-D655C23E8CE8}"
EndProject
Project("{9A19103F-16F7-4668-BE54-9A1E7A4F7556}") = "FestivalManager.Tests", "03. Unit Tests\FestivalManager.Tests\FestivalManager.Tests.csproj", "{42AF6972-B2E2-49BC-80CB-2B4907FD7CCA}"
EndProject
Global
	GlobalSection(SolutionConfigurationPlatforms) = preSolution
		Debug|Any CPU = Debug|Any CPU
		Release|Any CPU = Release|Any CPU
		Test|Any CPU = Test|Any CPU
	EndGlobalSection
	GlobalSection(ProjectConfigurationPlatforms) = postSolution
		{1D784F82-8A6B-46B8-BC0D-79F12257D9A0}.Debug|Any CPU.ActiveCfg = Debug|Any CPU
		{1D784F82-8A6B-46B8-BC0D-79F12257D9A0}.Debug|Any CPU.Build.0 = Debug|Any CPU
		{1D784F82-8A6B-46B8-BC0D-79F12257D9A0}.Release|Any CPU.ActiveCfg = Release|Any CPU
		{1D784F82-8A6B-46B8-BC0D-79F12257D9A0}.Release|Any CPU.Build.0 = Release|Any CPU
		{1D784F82-8A6B-46B8-BC0D-79F12257D9A0}.Test|Any CPU.ActiveCfg = Debug|Any CPU
		{1D784F82-8A6B-46B8-BC0D-79F12257D9A0}.Test|Any CPU.Build.0 = Debug|Any CPU
		{8AC330F0-57DD-4C05-BE53-D655C23E8CE8}.Debug|Any CPU.ActiveCfg = Debug|Any CPU
		{8AC330F0-57DD-4C05-BE53-D655C23E8CE8}.Debug|Any CPU.Build.0 = Debug|Any CPU
		{8AC330F0-57DD-4C05-BE53-D655C23E8CE8}.Release|Any CPU.ActiveCfg = Release|Any CPU
		{8AC330F0-57DD-4C05-BE53-D655C23E8CE8}.Release|Any CPU.Build.0 = Release|Any CPU
		{8AC330F0-57DD-4C05-BE53-D655C23E8CE8}.Test|Any CPU.ActiveCfg = Test|Any CPU
		{8AC330F0-57DD-4C05-BE53-D655C23E8CE8}.Test|Any CPU.Build.0 = Test|Any CPU
		{42AF6972-B2E2-49BC-80CB-2B4907FD7CCA}.Debug|Any CPU.ActiveCfg = Debug|Any CPU
		{42AF6972-B2E2-49BC-80CB-2B4907FD7CCA}.Debug|Any CPU.Build.0 = Debug|Any CPU
		{42AF6972-B2E2-49BC-80CB-2B4907FD7CCA}.Release|Any CPU.ActiveCfg = Release|Any CPU
		{42AF6972-B2E2-49BC-80CB-2B4907FD7CCA}.Release|Any CPU.Build.0 = Release|Any CPU
		{42AF6972-B2E2-49BC-80CB-2B4907FD7CCA}.Test|Any CPU.ActiveCfg = Debug|Any CPU
		{42AF6972-B2E2-49BC-80CB-2B4907FD7CCA}.Test|Any CPU.Build.0 = Debug|Any CPU
	EndGlobalSection
	GlobalSection(SolutionProperties) = preSolution
		HideSolutionNode = FALSE
	EndGlobalSection
	GlobalSection(ExtensibilityGlobals) = postSolution
		SolutionGuid = {3EA2E801-9351-4773-946F-E1EE3C815A1B}
	EndGlobalSection
EndGlobal
