
Microsoft Visual Studio Solution File, Format Version 12.00
# Visual Studio Version 16
VisualStudioVersion = 16.0.31402.337
MinimumVisualStudioVersion = 10.0.40219.1
Project("{FAE04EC0-301F-11D3-BF4B-00C04F79EFBC}") = "01. National Court", "01. National Court\01. National Court.csproj", "{AC6EBAC9-3266-48F1-8BE8-206D66F040E1}"
EndProject
Project("{FAE04EC0-301F-11D3-BF4B-00C04F79EFBC}") = "02. Shopping List", "02. Shopping List\02. Shopping List.csproj", "{01B8259A-7CEA-4B99-B39E-5A6F9AE767C9}"
EndProject
Project("{FAE04EC0-301F-11D3-BF4B-00C04F79EFBC}") = "03. Heart Delivery", "03. Heart Delivery\03. Heart Delivery.csproj", "{CE50184D-A3A1-4B60-9F4E-AA1F957903D8}"
EndProject
Global
	GlobalSection(SolutionConfigurationPlatforms) = preSolution
		Debug|Any CPU = Debug|Any CPU
		Release|Any CPU = Release|Any CPU
	EndGlobalSection
	GlobalSection(ProjectConfigurationPlatforms) = postSolution
		{AC6EBAC9-3266-48F1-8BE8-206D66F040E1}.Debug|Any CPU.ActiveCfg = Debug|Any CPU
		{AC6EBAC9-3266-48F1-8BE8-206D66F040E1}.Debug|Any CPU.Build.0 = Debug|Any CPU
		{AC6EBAC9-3266-48F1-8BE8-206D66F040E1}.Release|Any CPU.ActiveCfg = Release|Any CPU
		{AC6EBAC9-3266-48F1-8BE8-206D66F040E1}.Release|Any CPU.Build.0 = Release|Any CPU
		{01B8259A-7CEA-4B99-B39E-5A6F9AE767C9}.Debug|Any CPU.ActiveCfg = Debug|Any CPU
		{01B8259A-7CEA-4B99-B39E-5A6F9AE767C9}.Debug|Any CPU.Build.0 = Debug|Any CPU
		{01B8259A-7CEA-4B99-B39E-5A6F9AE767C9}.Release|Any CPU.ActiveCfg = Release|Any CPU
		{01B8259A-7CEA-4B99-B39E-5A6F9AE767C9}.Release|Any CPU.Build.0 = Release|Any CPU
		{CE50184D-A3A1-4B60-9F4E-AA1F957903D8}.Debug|Any CPU.ActiveCfg = Debug|Any CPU
		{CE50184D-A3A1-4B60-9F4E-AA1F957903D8}.Debug|Any CPU.Build.0 = Debug|Any CPU
		{CE50184D-A3A1-4B60-9F4E-AA1F957903D8}.Release|Any CPU.ActiveCfg = Release|Any CPU
		{CE50184D-A3A1-4B60-9F4E-AA1F957903D8}.Release|Any CPU.Build.0 = Release|Any CPU
	EndGlobalSection
	GlobalSection(SolutionProperties) = preSolution
		HideSolutionNode = FALSE
	EndGlobalSection
	GlobalSection(ExtensibilityGlobals) = postSolution
		SolutionGuid = {21D15278-519F-4E53-8698-94F45023A701}
	EndGlobalSection
EndGlobal
