
Microsoft Visual Studio Solution File, Format Version 12.00
# Visual Studio Version 16
VisualStudioVersion = 16.0.31424.327
MinimumVisualStudioVersion = 10.0.40219.1
Project("{FAE04EC0-301F-11D3-BF4B-00C04F79EFBC}") = "01. Count Real Numbers", "Associative Arrays - Lab\01. Count Real Numbers.csproj", "{B30085D1-987B-431A-A49B-394560DCDED3}"
EndProject
Project("{FAE04EC0-301F-11D3-BF4B-00C04F79EFBC}") = "02. Odd Occurrences", "02. Odd Occurrences\02. Odd Occurrences.csproj", "{C2443B01-08BD-4388-8E4B-EC0893E4D3A6}"
EndProject
Project("{FAE04EC0-301F-11D3-BF4B-00C04F79EFBC}") = "03. Word Synonyms", "03. Word Synonyms\03. Word Synonyms.csproj", "{5F244913-A932-41DA-9303-00F68E616446}"
EndProject
Project("{FAE04EC0-301F-11D3-BF4B-00C04F79EFBC}") = "04. Largest 3 Numbers", "04. Largest 3 Numbers\04. Largest 3 Numbers.csproj", "{FDF74656-0935-47DC-8989-CE9CEF8EF26C}"
EndProject
Project("{FAE04EC0-301F-11D3-BF4B-00C04F79EFBC}") = "05. Word Filter", "05. Word Filter\05. Word Filter.csproj", "{003165E3-C2B3-46D1-8356-27303D512A60}"
EndProject
Global
	GlobalSection(SolutionConfigurationPlatforms) = preSolution
		Debug|Any CPU = Debug|Any CPU
		Release|Any CPU = Release|Any CPU
	EndGlobalSection
	GlobalSection(ProjectConfigurationPlatforms) = postSolution
		{B30085D1-987B-431A-A49B-394560DCDED3}.Debug|Any CPU.ActiveCfg = Debug|Any CPU
		{B30085D1-987B-431A-A49B-394560DCDED3}.Debug|Any CPU.Build.0 = Debug|Any CPU
		{B30085D1-987B-431A-A49B-394560DCDED3}.Release|Any CPU.ActiveCfg = Release|Any CPU
		{B30085D1-987B-431A-A49B-394560DCDED3}.Release|Any CPU.Build.0 = Release|Any CPU
		{C2443B01-08BD-4388-8E4B-EC0893E4D3A6}.Debug|Any CPU.ActiveCfg = Debug|Any CPU
		{C2443B01-08BD-4388-8E4B-EC0893E4D3A6}.Debug|Any CPU.Build.0 = Debug|Any CPU
		{C2443B01-08BD-4388-8E4B-EC0893E4D3A6}.Release|Any CPU.ActiveCfg = Release|Any CPU
		{C2443B01-08BD-4388-8E4B-EC0893E4D3A6}.Release|Any CPU.Build.0 = Release|Any CPU
		{5F244913-A932-41DA-9303-00F68E616446}.Debug|Any CPU.ActiveCfg = Debug|Any CPU
		{5F244913-A932-41DA-9303-00F68E616446}.Debug|Any CPU.Build.0 = Debug|Any CPU
		{5F244913-A932-41DA-9303-00F68E616446}.Release|Any CPU.ActiveCfg = Release|Any CPU
		{5F244913-A932-41DA-9303-00F68E616446}.Release|Any CPU.Build.0 = Release|Any CPU
		{FDF74656-0935-47DC-8989-CE9CEF8EF26C}.Debug|Any CPU.ActiveCfg = Debug|Any CPU
		{FDF74656-0935-47DC-8989-CE9CEF8EF26C}.Debug|Any CPU.Build.0 = Debug|Any CPU
		{FDF74656-0935-47DC-8989-CE9CEF8EF26C}.Release|Any CPU.ActiveCfg = Release|Any CPU
		{FDF74656-0935-47DC-8989-CE9CEF8EF26C}.Release|Any CPU.Build.0 = Release|Any CPU
		{003165E3-C2B3-46D1-8356-27303D512A60}.Debug|Any CPU.ActiveCfg = Debug|Any CPU
		{003165E3-C2B3-46D1-8356-27303D512A60}.Debug|Any CPU.Build.0 = Debug|Any CPU
		{003165E3-C2B3-46D1-8356-27303D512A60}.Release|Any CPU.ActiveCfg = Release|Any CPU
		{003165E3-C2B3-46D1-8356-27303D512A60}.Release|Any CPU.Build.0 = Release|Any CPU
	EndGlobalSection
	GlobalSection(SolutionProperties) = preSolution
		HideSolutionNode = FALSE
	EndGlobalSection
	GlobalSection(ExtensibilityGlobals) = postSolution
		SolutionGuid = {3F586543-4593-42A1-946C-C91D84C96D3D}
	EndGlobalSection
EndGlobal
