
Microsoft Visual Studio Solution File, Format Version 12.00
# Visual Studio Version 16
VisualStudioVersion = 16.0.31829.152
MinimumVisualStudioVersion = 10.0.40219.1
Project("{9A19103F-16F7-4668-BE54-9A1E7A4F7556}") = "SpaceStation", "01.Structure\SpaceStation\SpaceStation.csproj", "{454A5139-E5EA-42A6-8BF6-5DE2DD78F63A}"
EndProject
Global
	GlobalSection(SolutionConfigurationPlatforms) = preSolution
		Debug|Any CPU = Debug|Any CPU
		Release|Any CPU = Release|Any CPU
	EndGlobalSection
	GlobalSection(ProjectConfigurationPlatforms) = postSolution
		{454A5139-E5EA-42A6-8BF6-5DE2DD78F63A}.Debug|Any CPU.ActiveCfg = Debug|Any CPU
		{454A5139-E5EA-42A6-8BF6-5DE2DD78F63A}.Debug|Any CPU.Build.0 = Debug|Any CPU
		{454A5139-E5EA-42A6-8BF6-5DE2DD78F63A}.Release|Any CPU.ActiveCfg = Release|Any CPU
		{454A5139-E5EA-42A6-8BF6-5DE2DD78F63A}.Release|Any CPU.Build.0 = Release|Any CPU
	EndGlobalSection
	GlobalSection(SolutionProperties) = preSolution
		HideSolutionNode = FALSE
	EndGlobalSection
	GlobalSection(ExtensibilityGlobals) = postSolution
		SolutionGuid = {5CC27F97-0299-48C0-8FDE-15554718887C}
	EndGlobalSection
EndGlobal
