
Microsoft Visual Studio Solution File, Format Version 12.00
# Visual Studio Version 17
VisualStudioVersion = 17.3.32922.545
MinimumVisualStudioVersion = 10.0.40219.1
Project("{FAE04EC0-301F-11D3-BF4B-00C04F79EFBC}") = "01. Vampire Labyrinth", "01. Vampire Labyrinth\01. Vampire Labyrinth.csproj", "{E6D3F642-1E1E-4005-80F6-B28941429CDB}"
EndProject
Project("{FAE04EC0-301F-11D3-BF4B-00C04F79EFBC}") = "02. Picker", "02. Picker\02. Picker.csproj", "{86A9889B-9E81-44A7-98BE-DDEB4D37AB4F}"
EndProject
Project("{FAE04EC0-301F-11D3-BF4B-00C04F79EFBC}") = "03. Battle Points", "03. Battle Points\03. Battle Points.csproj", "{E4510B63-2958-4DE1-8BEB-1CEB2FFD1074}"
EndProject
Global
	GlobalSection(SolutionConfigurationPlatforms) = preSolution
		Debug|Any CPU = Debug|Any CPU
		Release|Any CPU = Release|Any CPU
	EndGlobalSection
	GlobalSection(ProjectConfigurationPlatforms) = postSolution
		{E6D3F642-1E1E-4005-80F6-B28941429CDB}.Debug|Any CPU.ActiveCfg = Debug|Any CPU
		{E6D3F642-1E1E-4005-80F6-B28941429CDB}.Debug|Any CPU.Build.0 = Debug|Any CPU
		{E6D3F642-1E1E-4005-80F6-B28941429CDB}.Release|Any CPU.ActiveCfg = Release|Any CPU
		{E6D3F642-1E1E-4005-80F6-B28941429CDB}.Release|Any CPU.Build.0 = Release|Any CPU
		{86A9889B-9E81-44A7-98BE-DDEB4D37AB4F}.Debug|Any CPU.ActiveCfg = Debug|Any CPU
		{86A9889B-9E81-44A7-98BE-DDEB4D37AB4F}.Debug|Any CPU.Build.0 = Debug|Any CPU
		{86A9889B-9E81-44A7-98BE-DDEB4D37AB4F}.Release|Any CPU.ActiveCfg = Release|Any CPU
		{86A9889B-9E81-44A7-98BE-DDEB4D37AB4F}.Release|Any CPU.Build.0 = Release|Any CPU
		{E4510B63-2958-4DE1-8BEB-1CEB2FFD1074}.Debug|Any CPU.ActiveCfg = Debug|Any CPU
		{E4510B63-2958-4DE1-8BEB-1CEB2FFD1074}.Debug|Any CPU.Build.0 = Debug|Any CPU
		{E4510B63-2958-4DE1-8BEB-1CEB2FFD1074}.Release|Any CPU.ActiveCfg = Release|Any CPU
		{E4510B63-2958-4DE1-8BEB-1CEB2FFD1074}.Release|Any CPU.Build.0 = Release|Any CPU
	EndGlobalSection
	GlobalSection(SolutionProperties) = preSolution
		HideSolutionNode = FALSE
	EndGlobalSection
	GlobalSection(ExtensibilityGlobals) = postSolution
		SolutionGuid = {B10E4915-2816-4304-9B6C-7C12E47B34FC}
	EndGlobalSection
EndGlobal
