
Microsoft Visual Studio Solution File, Format Version 12.00
# Visual Studio Version 17
VisualStudioVersion = 17.3.32922.545
MinimumVisualStudioVersion = 10.0.40219.1
Project("{9A19103F-16F7-4668-BE54-9A1E7A4F7556}") = "01. Trains Part Two", "01. Trains Part Two\01. Trains Part Two.csproj", "{77CFDFE9-C96C-4AA8-AC66-047320784C23}"
EndProject
Project("{FAE04EC0-301F-11D3-BF4B-00C04F79EFBC}") = "02. Creep", "02. Creep\02. Creep.csproj", "{01F87766-67C2-4016-B6DA-364AD277B0D2}"
EndProject
Project("{FAE04EC0-301F-11D3-BF4B-00C04F79EFBC}") = "03. Code", "03. Code\03. Code.csproj", "{5582636D-1331-4F57-93D0-85BD78834F71}"
EndProject
Global
	GlobalSection(SolutionConfigurationPlatforms) = preSolution
		Debug|Any CPU = Debug|Any CPU
		Release|Any CPU = Release|Any CPU
	EndGlobalSection
	GlobalSection(ProjectConfigurationPlatforms) = postSolution
		{77CFDFE9-C96C-4AA8-AC66-047320784C23}.Debug|Any CPU.ActiveCfg = Debug|Any CPU
		{77CFDFE9-C96C-4AA8-AC66-047320784C23}.Debug|Any CPU.Build.0 = Debug|Any CPU
		{77CFDFE9-C96C-4AA8-AC66-047320784C23}.Release|Any CPU.ActiveCfg = Release|Any CPU
		{77CFDFE9-C96C-4AA8-AC66-047320784C23}.Release|Any CPU.Build.0 = Release|Any CPU
		{01F87766-67C2-4016-B6DA-364AD277B0D2}.Debug|Any CPU.ActiveCfg = Debug|Any CPU
		{01F87766-67C2-4016-B6DA-364AD277B0D2}.Debug|Any CPU.Build.0 = Debug|Any CPU
		{01F87766-67C2-4016-B6DA-364AD277B0D2}.Release|Any CPU.ActiveCfg = Release|Any CPU
		{01F87766-67C2-4016-B6DA-364AD277B0D2}.Release|Any CPU.Build.0 = Release|Any CPU
		{5582636D-1331-4F57-93D0-85BD78834F71}.Debug|Any CPU.ActiveCfg = Debug|Any CPU
		{5582636D-1331-4F57-93D0-85BD78834F71}.Debug|Any CPU.Build.0 = Debug|Any CPU
		{5582636D-1331-4F57-93D0-85BD78834F71}.Release|Any CPU.ActiveCfg = Release|Any CPU
		{5582636D-1331-4F57-93D0-85BD78834F71}.Release|Any CPU.Build.0 = Release|Any CPU
	EndGlobalSection
	GlobalSection(SolutionProperties) = preSolution
		HideSolutionNode = FALSE
	EndGlobalSection
	GlobalSection(ExtensibilityGlobals) = postSolution
		SolutionGuid = {2E5CBA2C-2DE8-4485-A4F2-31E0A9253ABC}
	EndGlobalSection
EndGlobal
