
Microsoft Visual Studio Solution File, Format Version 12.00
# Visual Studio Version 17
VisualStudioVersion = 17.3.32922.545
MinimumVisualStudioVersion = 10.0.40219.1
Project("{FAE04EC0-301F-11D3-BF4B-00C04F79EFBC}") = "01. Food Programme", "01. Food Programme\01. Food Programme.csproj", "{98F4C021-1F40-4405-ABD2-312B0D3CB7FA}"
EndProject
Project("{FAE04EC0-301F-11D3-BF4B-00C04F79EFBC}") = "02. Data Transfer", "02. Data Transfer\02. Data Transfer.csproj", "{50928004-8DB5-4158-BAD7-1D7C157222F1}"
EndProject
Project("{FAE04EC0-301F-11D3-BF4B-00C04F79EFBC}") = "03. Time", "03. Time\03. Time.csproj", "{BDE616F7-542C-4A98-9465-B5E2556BB108}"
EndProject
Global
	GlobalSection(SolutionConfigurationPlatforms) = preSolution
		Debug|Any CPU = Debug|Any CPU
		Release|Any CPU = Release|Any CPU
	EndGlobalSection
	GlobalSection(ProjectConfigurationPlatforms) = postSolution
		{98F4C021-1F40-4405-ABD2-312B0D3CB7FA}.Debug|Any CPU.ActiveCfg = Debug|Any CPU
		{98F4C021-1F40-4405-ABD2-312B0D3CB7FA}.Debug|Any CPU.Build.0 = Debug|Any CPU
		{98F4C021-1F40-4405-ABD2-312B0D3CB7FA}.Release|Any CPU.ActiveCfg = Release|Any CPU
		{98F4C021-1F40-4405-ABD2-312B0D3CB7FA}.Release|Any CPU.Build.0 = Release|Any CPU
		{50928004-8DB5-4158-BAD7-1D7C157222F1}.Debug|Any CPU.ActiveCfg = Debug|Any CPU
		{50928004-8DB5-4158-BAD7-1D7C157222F1}.Debug|Any CPU.Build.0 = Debug|Any CPU
		{50928004-8DB5-4158-BAD7-1D7C157222F1}.Release|Any CPU.ActiveCfg = Release|Any CPU
		{50928004-8DB5-4158-BAD7-1D7C157222F1}.Release|Any CPU.Build.0 = Release|Any CPU
		{BDE616F7-542C-4A98-9465-B5E2556BB108}.Debug|Any CPU.ActiveCfg = Debug|Any CPU
		{BDE616F7-542C-4A98-9465-B5E2556BB108}.Debug|Any CPU.Build.0 = Debug|Any CPU
		{BDE616F7-542C-4A98-9465-B5E2556BB108}.Release|Any CPU.ActiveCfg = Release|Any CPU
		{BDE616F7-542C-4A98-9465-B5E2556BB108}.Release|Any CPU.Build.0 = Release|Any CPU
	EndGlobalSection
	GlobalSection(SolutionProperties) = preSolution
		HideSolutionNode = FALSE
	EndGlobalSection
	GlobalSection(ExtensibilityGlobals) = postSolution
		SolutionGuid = {8C5529DB-EA04-4D94-9354-B42380320860}
	EndGlobalSection
EndGlobal
