
Microsoft Visual Studio Solution File, Format Version 12.00
# Visual Studio Version 16
VisualStudioVersion = 16.0.31515.178
MinimumVisualStudioVersion = 10.0.40219.1
Project("{FAE04EC0-301F-11D3-BF4B-00C04F79EFBC}") = "1. Winning Ticket", "1. Winning Ticket\1. Winning Ticket.csproj", "{BCC46A43-269C-4E22-83F8-01FCEFB888AD}"
EndProject
Project("{FAE04EC0-301F-11D3-BF4B-00C04F79EFBC}") = "2. Rage Quit", "2. Rage Quit\2. Rage Quit.csproj", "{995E84A6-4D99-4641-9D75-19724FED87FB}"
EndProject
Project("{FAE04EC0-301F-11D3-BF4B-00C04F79EFBC}") = "3. Post Office", "3. Post Office\3. Post Office.csproj", "{643B0D22-BA8B-4359-BB4B-9A66C115EBB9}"
EndProject
Project("{FAE04EC0-301F-11D3-BF4B-00C04F79EFBC}") = "2. Rage Quit (2)", "2. Rage Quit (2)\2. Rage Quit (2).csproj", "{305695CE-E433-4C22-B1CC-6E1A9AFE26F3}"
EndProject
Project("{FAE04EC0-301F-11D3-BF4B-00C04F79EFBC}") = "2. Rage Quit (3)", "2. Rage Quit (3)\2. Rage Quit (3).csproj", "{BAFB88B3-D590-4A8B-B68C-82056FB235D2}"
EndProject
Project("{FAE04EC0-301F-11D3-BF4B-00C04F79EFBC}") = "4. Santa's Secret Helper", "4. Santa's Secret Helper\4. Santa's Secret Helper.csproj", "{C7BF8CA2-A3DC-4746-8645-0B92D2095A57}"
EndProject
Global
	GlobalSection(SolutionConfigurationPlatforms) = preSolution
		Debug|Any CPU = Debug|Any CPU
		Release|Any CPU = Release|Any CPU
	EndGlobalSection
	GlobalSection(ProjectConfigurationPlatforms) = postSolution
		{BCC46A43-269C-4E22-83F8-01FCEFB888AD}.Debug|Any CPU.ActiveCfg = Debug|Any CPU
		{BCC46A43-269C-4E22-83F8-01FCEFB888AD}.Debug|Any CPU.Build.0 = Debug|Any CPU
		{BCC46A43-269C-4E22-83F8-01FCEFB888AD}.Release|Any CPU.ActiveCfg = Release|Any CPU
		{BCC46A43-269C-4E22-83F8-01FCEFB888AD}.Release|Any CPU.Build.0 = Release|Any CPU
		{995E84A6-4D99-4641-9D75-19724FED87FB}.Debug|Any CPU.ActiveCfg = Debug|Any CPU
		{995E84A6-4D99-4641-9D75-19724FED87FB}.Debug|Any CPU.Build.0 = Debug|Any CPU
		{995E84A6-4D99-4641-9D75-19724FED87FB}.Release|Any CPU.ActiveCfg = Release|Any CPU
		{995E84A6-4D99-4641-9D75-19724FED87FB}.Release|Any CPU.Build.0 = Release|Any CPU
		{643B0D22-BA8B-4359-BB4B-9A66C115EBB9}.Debug|Any CPU.ActiveCfg = Debug|Any CPU
		{643B0D22-BA8B-4359-BB4B-9A66C115EBB9}.Debug|Any CPU.Build.0 = Debug|Any CPU
		{643B0D22-BA8B-4359-BB4B-9A66C115EBB9}.Release|Any CPU.ActiveCfg = Release|Any CPU
		{643B0D22-BA8B-4359-BB4B-9A66C115EBB9}.Release|Any CPU.Build.0 = Release|Any CPU
		{305695CE-E433-4C22-B1CC-6E1A9AFE26F3}.Debug|Any CPU.ActiveCfg = Debug|Any CPU
		{305695CE-E433-4C22-B1CC-6E1A9AFE26F3}.Debug|Any CPU.Build.0 = Debug|Any CPU
		{305695CE-E433-4C22-B1CC-6E1A9AFE26F3}.Release|Any CPU.ActiveCfg = Release|Any CPU
		{305695CE-E433-4C22-B1CC-6E1A9AFE26F3}.Release|Any CPU.Build.0 = Release|Any CPU
		{BAFB88B3-D590-4A8B-B68C-82056FB235D2}.Debug|Any CPU.ActiveCfg = Debug|Any CPU
		{BAFB88B3-D590-4A8B-B68C-82056FB235D2}.Debug|Any CPU.Build.0 = Debug|Any CPU
		{BAFB88B3-D590-4A8B-B68C-82056FB235D2}.Release|Any CPU.ActiveCfg = Release|Any CPU
		{BAFB88B3-D590-4A8B-B68C-82056FB235D2}.Release|Any CPU.Build.0 = Release|Any CPU
		{C7BF8CA2-A3DC-4746-8645-0B92D2095A57}.Debug|Any CPU.ActiveCfg = Debug|Any CPU
		{C7BF8CA2-A3DC-4746-8645-0B92D2095A57}.Debug|Any CPU.Build.0 = Debug|Any CPU
		{C7BF8CA2-A3DC-4746-8645-0B92D2095A57}.Release|Any CPU.ActiveCfg = Release|Any CPU
		{C7BF8CA2-A3DC-4746-8645-0B92D2095A57}.Release|Any CPU.Build.0 = Release|Any CPU
	EndGlobalSection
	GlobalSection(SolutionProperties) = preSolution
		HideSolutionNode = FALSE
	EndGlobalSection
	GlobalSection(ExtensibilityGlobals) = postSolution
		SolutionGuid = {9F6E4EFB-5503-4C41-B4AC-FBE4175ECBE9}
	EndGlobalSection
EndGlobal
