
Microsoft Visual Studio Solution File, Format Version 12.00
# Visual Studio Version 16
VisualStudioVersion = 16.0.31229.75
MinimumVisualStudioVersion = 10.0.40219.1
Project("{FAE04EC0-301F-11D3-BF4B-00C04F79EFBC}") = "01. Sort Numbers", "01. Sort Numbers\01. Sort Numbers.csproj", "{7CF6D17C-1782-4314-AE6C-CB68A9275AA3}"
EndProject
Project("{FAE04EC0-301F-11D3-BF4B-00C04F79EFBC}") = "02. English Name Last Digit", "02. English Name Last Digit\02. English Name Last Digit.csproj", "{7E3962E0-6F87-4716-B9BA-9F8D7238B0EC}"
EndProject
Project("{FAE04EC0-301F-11D3-BF4B-00C04F79EFBC}") = "03. Gaming Store", "03. Gaming Store\03. Gaming Store.csproj", "{287D6BF9-BEF6-4558-9F32-EDA5571F8429}"
EndProject
Project("{FAE04EC0-301F-11D3-BF4B-00C04F79EFBC}") = "04. Reverse String", "04. Reverse String\04. Reverse String.csproj", "{47054397-FE68-4FFF-84EA-70C34CE2F1C0}"
EndProject
Project("{FAE04EC0-301F-11D3-BF4B-00C04F79EFBC}") = "05. Messages", "05. Messages\05. Messages.csproj", "{CF494481-73BC-4E82-997F-2E0FF4DE1672}"
EndProject
Global
	GlobalSection(SolutionConfigurationPlatforms) = preSolution
		Debug|Any CPU = Debug|Any CPU
		Release|Any CPU = Release|Any CPU
	EndGlobalSection
	GlobalSection(ProjectConfigurationPlatforms) = postSolution
		{7CF6D17C-1782-4314-AE6C-CB68A9275AA3}.Debug|Any CPU.ActiveCfg = Debug|Any CPU
		{7CF6D17C-1782-4314-AE6C-CB68A9275AA3}.Debug|Any CPU.Build.0 = Debug|Any CPU
		{7CF6D17C-1782-4314-AE6C-CB68A9275AA3}.Release|Any CPU.ActiveCfg = Release|Any CPU
		{7CF6D17C-1782-4314-AE6C-CB68A9275AA3}.Release|Any CPU.Build.0 = Release|Any CPU
		{7E3962E0-6F87-4716-B9BA-9F8D7238B0EC}.Debug|Any CPU.ActiveCfg = Debug|Any CPU
		{7E3962E0-6F87-4716-B9BA-9F8D7238B0EC}.Debug|Any CPU.Build.0 = Debug|Any CPU
		{7E3962E0-6F87-4716-B9BA-9F8D7238B0EC}.Release|Any CPU.ActiveCfg = Release|Any CPU
		{7E3962E0-6F87-4716-B9BA-9F8D7238B0EC}.Release|Any CPU.Build.0 = Release|Any CPU
		{287D6BF9-BEF6-4558-9F32-EDA5571F8429}.Debug|Any CPU.ActiveCfg = Debug|Any CPU
		{287D6BF9-BEF6-4558-9F32-EDA5571F8429}.Debug|Any CPU.Build.0 = Debug|Any CPU
		{287D6BF9-BEF6-4558-9F32-EDA5571F8429}.Release|Any CPU.ActiveCfg = Release|Any CPU
		{287D6BF9-BEF6-4558-9F32-EDA5571F8429}.Release|Any CPU.Build.0 = Release|Any CPU
		{47054397-FE68-4FFF-84EA-70C34CE2F1C0}.Debug|Any CPU.ActiveCfg = Debug|Any CPU
		{47054397-FE68-4FFF-84EA-70C34CE2F1C0}.Debug|Any CPU.Build.0 = Debug|Any CPU
		{47054397-FE68-4FFF-84EA-70C34CE2F1C0}.Release|Any CPU.ActiveCfg = Release|Any CPU
		{47054397-FE68-4FFF-84EA-70C34CE2F1C0}.Release|Any CPU.Build.0 = Release|Any CPU
		{CF494481-73BC-4E82-997F-2E0FF4DE1672}.Debug|Any CPU.ActiveCfg = Debug|Any CPU
		{CF494481-73BC-4E82-997F-2E0FF4DE1672}.Debug|Any CPU.Build.0 = Debug|Any CPU
		{CF494481-73BC-4E82-997F-2E0FF4DE1672}.Release|Any CPU.ActiveCfg = Release|Any CPU
		{CF494481-73BC-4E82-997F-2E0FF4DE1672}.Release|Any CPU.Build.0 = Release|Any CPU
	EndGlobalSection
	GlobalSection(SolutionProperties) = preSolution
		HideSolutionNode = FALSE
	EndGlobalSection
	GlobalSection(ExtensibilityGlobals) = postSolution
		SolutionGuid = {287A360D-46BA-4E03-8EEC-51160A065284}
	EndGlobalSection
EndGlobal
