
Microsoft Visual Studio Solution File, Format Version 12.00
# Visual Studio Version 17
VisualStudioVersion = 17.3.32922.545
MinimumVisualStudioVersion = 10.0.40219.1
Project("{FAE04EC0-301F-11D3-BF4B-00C04F79EFBC}") = "04. Good Omens", "04. Good Omens\04. Good Omens.csproj", "{F41BD3AD-B44A-4E30-B2F3-31DC95A25D4A}"
EndProject
Project("{FAE04EC0-301F-11D3-BF4B-00C04F79EFBC}") = "03. The Mad Gardener", "03. The Mad Gardener\03. The Mad Gardener.csproj", "{B2055674-8F32-47BC-B8F7-5F35603CB9F1}"
EndProject
Global
	GlobalSection(SolutionConfigurationPlatforms) = preSolution
		Debug|Any CPU = Debug|Any CPU
		Release|Any CPU = Release|Any CPU
	EndGlobalSection
	GlobalSection(ProjectConfigurationPlatforms) = postSolution
		{F41BD3AD-B44A-4E30-B2F3-31DC95A25D4A}.Debug|Any CPU.ActiveCfg = Debug|Any CPU
		{F41BD3AD-B44A-4E30-B2F3-31DC95A25D4A}.Debug|Any CPU.Build.0 = Debug|Any CPU
		{F41BD3AD-B44A-4E30-B2F3-31DC95A25D4A}.Release|Any CPU.ActiveCfg = Release|Any CPU
		{F41BD3AD-B44A-4E30-B2F3-31DC95A25D4A}.Release|Any CPU.Build.0 = Release|Any CPU
		{B2055674-8F32-47BC-B8F7-5F35603CB9F1}.Debug|Any CPU.ActiveCfg = Debug|Any CPU
		{B2055674-8F32-47BC-B8F7-5F35603CB9F1}.Debug|Any CPU.Build.0 = Debug|Any CPU
		{B2055674-8F32-47BC-B8F7-5F35603CB9F1}.Release|Any CPU.ActiveCfg = Release|Any CPU
		{B2055674-8F32-47BC-B8F7-5F35603CB9F1}.Release|Any CPU.Build.0 = Release|Any CPU
	EndGlobalSection
	GlobalSection(SolutionProperties) = preSolution
		HideSolutionNode = FALSE
	EndGlobalSection
	GlobalSection(ExtensibilityGlobals) = postSolution
		SolutionGuid = {64D9DB58-E37D-497D-850A-D8878717FC78}
	EndGlobalSection
EndGlobal
