
Microsoft Visual Studio Solution File, Format Version 12.00
# Visual Studio Version 16
VisualStudioVersion = 16.0.31729.503
MinimumVisualStudioVersion = 10.0.40219.1
Project("{FAE04EC0-301F-11D3-BF4B-00C04F79EFBC}") = "01.Flower_Wreaths", "01.Flower_Wreaths\01.Flower_Wreaths.csproj", "{437D3068-B137-44B1-937D-19F668AEB3A2}"
EndProject
Project("{FAE04EC0-301F-11D3-BF4B-00C04F79EFBC}") = "02.Bee", "02.Bee\02.Bee.csproj", "{65132498-F340-4430-9F22-858F945DA8BB}"
EndProject
Project("{FAE04EC0-301F-11D3-BF4B-00C04F79EFBC}") = "VetClinic", "VetClinic\VetClinic.csproj", "{96AE35B6-0970-4692-95B6-4BB65836A8CE}"
EndProject
Global
	GlobalSection(SolutionConfigurationPlatforms) = preSolution
		Debug|Any CPU = Debug|Any CPU
		Release|Any CPU = Release|Any CPU
	EndGlobalSection
	GlobalSection(ProjectConfigurationPlatforms) = postSolution
		{437D3068-B137-44B1-937D-19F668AEB3A2}.Debug|Any CPU.ActiveCfg = Debug|Any CPU
		{437D3068-B137-44B1-937D-19F668AEB3A2}.Debug|Any CPU.Build.0 = Debug|Any CPU
		{437D3068-B137-44B1-937D-19F668AEB3A2}.Release|Any CPU.ActiveCfg = Release|Any CPU
		{437D3068-B137-44B1-937D-19F668AEB3A2}.Release|Any CPU.Build.0 = Release|Any CPU
		{65132498-F340-4430-9F22-858F945DA8BB}.Debug|Any CPU.ActiveCfg = Debug|Any CPU
		{65132498-F340-4430-9F22-858F945DA8BB}.Debug|Any CPU.Build.0 = Debug|Any CPU
		{65132498-F340-4430-9F22-858F945DA8BB}.Release|Any CPU.ActiveCfg = Release|Any CPU
		{65132498-F340-4430-9F22-858F945DA8BB}.Release|Any CPU.Build.0 = Release|Any CPU
		{96AE35B6-0970-4692-95B6-4BB65836A8CE}.Debug|Any CPU.ActiveCfg = Debug|Any CPU
		{96AE35B6-0970-4692-95B6-4BB65836A8CE}.Debug|Any CPU.Build.0 = Debug|Any CPU
		{96AE35B6-0970-4692-95B6-4BB65836A8CE}.Release|Any CPU.ActiveCfg = Release|Any CPU
		{96AE35B6-0970-4692-95B6-4BB65836A8CE}.Release|Any CPU.Build.0 = Release|Any CPU
	EndGlobalSection
	GlobalSection(SolutionProperties) = preSolution
		HideSolutionNode = FALSE
	EndGlobalSection
	GlobalSection(ExtensibilityGlobals) = postSolution
		SolutionGuid = {000E1348-60E0-42E2-B36C-44E9AA884CA8}
	EndGlobalSection
EndGlobal
