
Microsoft Visual Studio Solution File, Format Version 12.00
# Visual Studio Version 16
VisualStudioVersion = 16.0.31205.134
MinimumVisualStudioVersion = 10.0.40219.1
Project("{FAE04EC0-301F-11D3-BF4B-00C04F79EFBC}") = "01. Integer Operations", "01. Integer Operations\01. Integer Operations.csproj", "{3624503B-BAE7-43CF-9313-A2AC568CAF5F}"
EndProject
Project("{FAE04EC0-301F-11D3-BF4B-00C04F79EFBC}") = "02. Sum Digits", "02. Sum Digits\02. Sum Digits.csproj", "{C70BDA32-7267-46C0-9954-7D6AAC648E76}"
EndProject
Project("{FAE04EC0-301F-11D3-BF4B-00C04F79EFBC}") = "03. Elevator", "03. Elevator\03. Elevator.csproj", "{F876184B-9869-4660-8665-870FBAE47A61}"
EndProject
Project("{FAE04EC0-301F-11D3-BF4B-00C04F79EFBC}") = "04. Sum of Chars", "04. Sum of Chars\04. Sum of Chars.csproj", "{0D3B5D06-7A38-49BC-8372-FB19984F0E7E}"
EndProject
Project("{FAE04EC0-301F-11D3-BF4B-00C04F79EFBC}") = "05. Print Part Of ASCII Table", "05. Print Part Of ASCII Table\05. Print Part Of ASCII Table.csproj", "{7DE08DD6-8F9D-4016-B9AC-B640850FFD12}"
EndProject
Project("{FAE04EC0-301F-11D3-BF4B-00C04F79EFBC}") = "06. Triples of Latin Letters", "06. Triples of Latin Letters\06. Triples of Latin Letters.csproj", "{ABD23DB9-01BF-4EEA-90B8-1FF9366A806D}"
EndProject
Project("{FAE04EC0-301F-11D3-BF4B-00C04F79EFBC}") = "07. Water Overflow", "07. Water Overflow\07. Water Overflow.csproj", "{D63BC00F-DF78-4E0C-A776-3B1C7FC65C8E}"
EndProject
Project("{FAE04EC0-301F-11D3-BF4B-00C04F79EFBC}") = "08. Beer Kegs", "08. Beer Kegs\08. Beer Kegs.csproj", "{B62F0EBC-0C8D-4A13-B90D-F13EE98D7CFE}"
EndProject
Project("{FAE04EC0-301F-11D3-BF4B-00C04F79EFBC}") = "09. Spice Must Flow", "09. Spice Must Flow\09. Spice Must Flow.csproj", "{3E63C84E-2C9C-4D0C-A920-9EDB7F76A532}"
EndProject
Project("{FAE04EC0-301F-11D3-BF4B-00C04F79EFBC}") = "10. Poke Mon", "10. Poke Mon\10. Poke Mon.csproj", "{4A3EA034-2153-401B-B55D-53E50D1C7467}"
EndProject
Project("{FAE04EC0-301F-11D3-BF4B-00C04F79EFBC}") = "11. Snowballs", "11. Snowballs\11. Snowballs.csproj", "{4904147D-6B32-4147-BB1B-BE056F25C0C9}"
EndProject
Global
	GlobalSection(SolutionConfigurationPlatforms) = preSolution
		Debug|Any CPU = Debug|Any CPU
		Release|Any CPU = Release|Any CPU
	EndGlobalSection
	GlobalSection(ProjectConfigurationPlatforms) = postSolution
		{3624503B-BAE7-43CF-9313-A2AC568CAF5F}.Debug|Any CPU.ActiveCfg = Debug|Any CPU
		{3624503B-BAE7-43CF-9313-A2AC568CAF5F}.Debug|Any CPU.Build.0 = Debug|Any CPU
		{3624503B-BAE7-43CF-9313-A2AC568CAF5F}.Release|Any CPU.ActiveCfg = Release|Any CPU
		{3624503B-BAE7-43CF-9313-A2AC568CAF5F}.Release|Any CPU.Build.0 = Release|Any CPU
		{C70BDA32-7267-46C0-9954-7D6AAC648E76}.Debug|Any CPU.ActiveCfg = Debug|Any CPU
		{C70BDA32-7267-46C0-9954-7D6AAC648E76}.Debug|Any CPU.Build.0 = Debug|Any CPU
		{C70BDA32-7267-46C0-9954-7D6AAC648E76}.Release|Any CPU.ActiveCfg = Release|Any CPU
		{C70BDA32-7267-46C0-9954-7D6AAC648E76}.Release|Any CPU.Build.0 = Release|Any CPU
		{F876184B-9869-4660-8665-870FBAE47A61}.Debug|Any CPU.ActiveCfg = Debug|Any CPU
		{F876184B-9869-4660-8665-870FBAE47A61}.Debug|Any CPU.Build.0 = Debug|Any CPU
		{F876184B-9869-4660-8665-870FBAE47A61}.Release|Any CPU.ActiveCfg = Release|Any CPU
		{F876184B-9869-4660-8665-870FBAE47A61}.Release|Any CPU.Build.0 = Release|Any CPU
		{0D3B5D06-7A38-49BC-8372-FB19984F0E7E}.Debug|Any CPU.ActiveCfg = Debug|Any CPU
		{0D3B5D06-7A38-49BC-8372-FB19984F0E7E}.Debug|Any CPU.Build.0 = Debug|Any CPU
		{0D3B5D06-7A38-49BC-8372-FB19984F0E7E}.Release|Any CPU.ActiveCfg = Release|Any CPU
		{0D3B5D06-7A38-49BC-8372-FB19984F0E7E}.Release|Any CPU.Build.0 = Release|Any CPU
		{7DE08DD6-8F9D-4016-B9AC-B640850FFD12}.Debug|Any CPU.ActiveCfg = Debug|Any CPU
		{7DE08DD6-8F9D-4016-B9AC-B640850FFD12}.Debug|Any CPU.Build.0 = Debug|Any CPU
		{7DE08DD6-8F9D-4016-B9AC-B640850FFD12}.Release|Any CPU.ActiveCfg = Release|Any CPU
		{7DE08DD6-8F9D-4016-B9AC-B640850FFD12}.Release|Any CPU.Build.0 = Release|Any CPU
		{ABD23DB9-01BF-4EEA-90B8-1FF9366A806D}.Debug|Any CPU.ActiveCfg = Debug|Any CPU
		{ABD23DB9-01BF-4EEA-90B8-1FF9366A806D}.Debug|Any CPU.Build.0 = Debug|Any CPU
		{ABD23DB9-01BF-4EEA-90B8-1FF9366A806D}.Release|Any CPU.ActiveCfg = Release|Any CPU
		{ABD23DB9-01BF-4EEA-90B8-1FF9366A806D}.Release|Any CPU.Build.0 = Release|Any CPU
		{D63BC00F-DF78-4E0C-A776-3B1C7FC65C8E}.Debug|Any CPU.ActiveCfg = Debug|Any CPU
		{D63BC00F-DF78-4E0C-A776-3B1C7FC65C8E}.Debug|Any CPU.Build.0 = Debug|Any CPU
		{D63BC00F-DF78-4E0C-A776-3B1C7FC65C8E}.Release|Any CPU.ActiveCfg = Release|Any CPU
		{D63BC00F-DF78-4E0C-A776-3B1C7FC65C8E}.Release|Any CPU.Build.0 = Release|Any CPU
		{B62F0EBC-0C8D-4A13-B90D-F13EE98D7CFE}.Debug|Any CPU.ActiveCfg = Debug|Any CPU
		{B62F0EBC-0C8D-4A13-B90D-F13EE98D7CFE}.Debug|Any CPU.Build.0 = Debug|Any CPU
		{B62F0EBC-0C8D-4A13-B90D-F13EE98D7CFE}.Release|Any CPU.ActiveCfg = Release|Any CPU
		{B62F0EBC-0C8D-4A13-B90D-F13EE98D7CFE}.Release|Any CPU.Build.0 = Release|Any CPU
		{3E63C84E-2C9C-4D0C-A920-9EDB7F76A532}.Debug|Any CPU.ActiveCfg = Debug|Any CPU
		{3E63C84E-2C9C-4D0C-A920-9EDB7F76A532}.Debug|Any CPU.Build.0 = Debug|Any CPU
		{3E63C84E-2C9C-4D0C-A920-9EDB7F76A532}.Release|Any CPU.ActiveCfg = Release|Any CPU
		{3E63C84E-2C9C-4D0C-A920-9EDB7F76A532}.Release|Any CPU.Build.0 = Release|Any CPU
		{4A3EA034-2153-401B-B55D-53E50D1C7467}.Debug|Any CPU.ActiveCfg = Debug|Any CPU
		{4A3EA034-2153-401B-B55D-53E50D1C7467}.Debug|Any CPU.Build.0 = Debug|Any CPU
		{4A3EA034-2153-401B-B55D-53E50D1C7467}.Release|Any CPU.ActiveCfg = Release|Any CPU
		{4A3EA034-2153-401B-B55D-53E50D1C7467}.Release|Any CPU.Build.0 = Release|Any CPU
		{4904147D-6B32-4147-BB1B-BE056F25C0C9}.Debug|Any CPU.ActiveCfg = Debug|Any CPU
		{4904147D-6B32-4147-BB1B-BE056F25C0C9}.Debug|Any CPU.Build.0 = Debug|Any CPU
		{4904147D-6B32-4147-BB1B-BE056F25C0C9}.Release|Any CPU.ActiveCfg = Release|Any CPU
		{4904147D-6B32-4147-BB1B-BE056F25C0C9}.Release|Any CPU.Build.0 = Release|Any CPU
	EndGlobalSection
	GlobalSection(SolutionProperties) = preSolution
		HideSolutionNode = FALSE
	EndGlobalSection
	GlobalSection(ExtensibilityGlobals) = postSolution
		SolutionGuid = {59DAFF5C-2825-4637-AAE5-705CCCF49AA0}
	EndGlobalSection
EndGlobal
