
Microsoft Visual Studio Solution File, Format Version 12.00
# Visual Studio Version 16
VisualStudioVersion = 16.0.31515.178
MinimumVisualStudioVersion = 10.0.40219.1
Project("{FAE04EC0-301F-11D3-BF4B-00C04F79EFBC}") = "01. Activation Keys", "01. Activation Keys\01. Activation Keys.csproj", "{6BFC7C5C-CB2A-4B27-A96E-5E305483B37E}"
EndProject
Project("{FAE04EC0-301F-11D3-BF4B-00C04F79EFBC}") = "02. Emoji Detector", "02. Emoji Detector\02. Emoji Detector.csproj", "{90EF8C98-A763-495B-B68A-4AD400813E63}"
EndProject
Project("{FAE04EC0-301F-11D3-BF4B-00C04F79EFBC}") = "03. P!rates", "03. P!rates\03. P!rates.csproj", "{446CF346-3E57-4C6A-A31B-E3B4DE3E8703}"
EndProject
Global
	GlobalSection(SolutionConfigurationPlatforms) = preSolution
		Debug|Any CPU = Debug|Any CPU
		Release|Any CPU = Release|Any CPU
	EndGlobalSection
	GlobalSection(ProjectConfigurationPlatforms) = postSolution
		{6BFC7C5C-CB2A-4B27-A96E-5E305483B37E}.Debug|Any CPU.ActiveCfg = Debug|Any CPU
		{6BFC7C5C-CB2A-4B27-A96E-5E305483B37E}.Debug|Any CPU.Build.0 = Debug|Any CPU
		{6BFC7C5C-CB2A-4B27-A96E-5E305483B37E}.Release|Any CPU.ActiveCfg = Release|Any CPU
		{6BFC7C5C-CB2A-4B27-A96E-5E305483B37E}.Release|Any CPU.Build.0 = Release|Any CPU
		{90EF8C98-A763-495B-B68A-4AD400813E63}.Debug|Any CPU.ActiveCfg = Debug|Any CPU
		{90EF8C98-A763-495B-B68A-4AD400813E63}.Debug|Any CPU.Build.0 = Debug|Any CPU
		{90EF8C98-A763-495B-B68A-4AD400813E63}.Release|Any CPU.ActiveCfg = Release|Any CPU
		{90EF8C98-A763-495B-B68A-4AD400813E63}.Release|Any CPU.Build.0 = Release|Any CPU
		{446CF346-3E57-4C6A-A31B-E3B4DE3E8703}.Debug|Any CPU.ActiveCfg = Debug|Any CPU
		{446CF346-3E57-4C6A-A31B-E3B4DE3E8703}.Debug|Any CPU.Build.0 = Debug|Any CPU
		{446CF346-3E57-4C6A-A31B-E3B4DE3E8703}.Release|Any CPU.ActiveCfg = Release|Any CPU
		{446CF346-3E57-4C6A-A31B-E3B4DE3E8703}.Release|Any CPU.Build.0 = Release|Any CPU
	EndGlobalSection
	GlobalSection(SolutionProperties) = preSolution
		HideSolutionNode = FALSE
	EndGlobalSection
	GlobalSection(ExtensibilityGlobals) = postSolution
		SolutionGuid = {BAC2BB13-100A-4818-9DFB-13C3E519287A}
	EndGlobalSection
EndGlobal
