
Microsoft Visual Studio Solution File, Format Version 12.00
# Visual Studio Version 16
VisualStudioVersion = 16.0.31911.196
MinimumVisualStudioVersion = 10.0.40219.1
Project("{9A19103F-16F7-4668-BE54-9A1E7A4F7556}") = "Bakery", "01. Structure & 02. Business Logic\Bakery\Bakery.csproj", "{3C1B005D-9E8B-4A3F-91B1-7C02D9AA9B07}"
EndProject
Project("{9A19103F-16F7-4668-BE54-9A1E7A4F7556}") = "BankSafe", "03. Unit Tests\BankSafe\BankSafe.csproj", "{675915D1-25CD-4B06-BD1D-A83E0B8FDB24}"
EndProject
Project("{9A19103F-16F7-4668-BE54-9A1E7A4F7556}") = "BankSafe.Tests", "03. Unit Tests\BankSafe.Tests\BankSafe.Tests.csproj", "{A6690DFB-07B2-45D9-8206-69AABF70A14F}"
EndProject
Global
	GlobalSection(SolutionConfigurationPlatforms) = preSolution
		Debug|Any CPU = Debug|Any CPU
		Release|Any CPU = Release|Any CPU
	EndGlobalSection
	GlobalSection(ProjectConfigurationPlatforms) = postSolution
		{3C1B005D-9E8B-4A3F-91B1-7C02D9AA9B07}.Debug|Any CPU.ActiveCfg = Debug|Any CPU
		{3C1B005D-9E8B-4A3F-91B1-7C02D9AA9B07}.Debug|Any CPU.Build.0 = Debug|Any CPU
		{3C1B005D-9E8B-4A3F-91B1-7C02D9AA9B07}.Release|Any CPU.ActiveCfg = Release|Any CPU
		{3C1B005D-9E8B-4A3F-91B1-7C02D9AA9B07}.Release|Any CPU.Build.0 = Release|Any CPU
		{675915D1-25CD-4B06-BD1D-A83E0B8FDB24}.Debug|Any CPU.ActiveCfg = Debug|Any CPU
		{675915D1-25CD-4B06-BD1D-A83E0B8FDB24}.Debug|Any CPU.Build.0 = Debug|Any CPU
		{675915D1-25CD-4B06-BD1D-A83E0B8FDB24}.Release|Any CPU.ActiveCfg = Release|Any CPU
		{675915D1-25CD-4B06-BD1D-A83E0B8FDB24}.Release|Any CPU.Build.0 = Release|Any CPU
		{A6690DFB-07B2-45D9-8206-69AABF70A14F}.Debug|Any CPU.ActiveCfg = Debug|Any CPU
		{A6690DFB-07B2-45D9-8206-69AABF70A14F}.Debug|Any CPU.Build.0 = Debug|Any CPU
		{A6690DFB-07B2-45D9-8206-69AABF70A14F}.Release|Any CPU.ActiveCfg = Release|Any CPU
		{A6690DFB-07B2-45D9-8206-69AABF70A14F}.Release|Any CPU.Build.0 = Release|Any CPU
	EndGlobalSection
	GlobalSection(SolutionProperties) = preSolution
		HideSolutionNode = FALSE
	EndGlobalSection
	GlobalSection(ExtensibilityGlobals) = postSolution
		SolutionGuid = {58ED0487-2E32-46A0-A7CD-DDB226FC7759}
	EndGlobalSection
EndGlobal
