
Microsoft Visual Studio Solution File, Format Version 12.00
# Visual Studio Version 16
VisualStudioVersion = 16.0.31624.102
MinimumVisualStudioVersion = 10.0.40219.1
Project("{FAE04EC0-301F-11D3-BF4B-00C04F79EFBC}") = "01. Sort Even Numbers", "01. Sort Even Numbers\01. Sort Even Numbers.csproj", "{4678DFB4-63E6-4EFE-87BC-CC6B418DFDFD}"
EndProject
Project("{FAE04EC0-301F-11D3-BF4B-00C04F79EFBC}") = "02. Sum Numbers", "02. Sum Numbers\02. Sum Numbers.csproj", "{99B5A993-4921-427C-898F-1EB8E0E4FD45}"
EndProject
Project("{FAE04EC0-301F-11D3-BF4B-00C04F79EFBC}") = "03. Count Uppercase Words", "03. Count Uppercase Words\03. Count Uppercase Words.csproj", "{C8337530-4E83-4A9B-907F-02ADEFE504A0}"
EndProject
Project("{FAE04EC0-301F-11D3-BF4B-00C04F79EFBC}") = "04. Add VAT", "04. Add VAT\04. Add VAT.csproj", "{FECA8A7D-9B3B-4EAE-B56F-02852DBCF6CC}"
EndProject
Project("{FAE04EC0-301F-11D3-BF4B-00C04F79EFBC}") = "05. Filter By Age", "05. Filter By Age\05. Filter By Age.csproj", "{DD596874-3D98-4ECA-9506-1E30066ACC29}"
EndProject
Global
	GlobalSection(SolutionConfigurationPlatforms) = preSolution
		Debug|Any CPU = Debug|Any CPU
		Release|Any CPU = Release|Any CPU
	EndGlobalSection
	GlobalSection(ProjectConfigurationPlatforms) = postSolution
		{4678DFB4-63E6-4EFE-87BC-CC6B418DFDFD}.Debug|Any CPU.ActiveCfg = Debug|Any CPU
		{4678DFB4-63E6-4EFE-87BC-CC6B418DFDFD}.Debug|Any CPU.Build.0 = Debug|Any CPU
		{4678DFB4-63E6-4EFE-87BC-CC6B418DFDFD}.Release|Any CPU.ActiveCfg = Release|Any CPU
		{4678DFB4-63E6-4EFE-87BC-CC6B418DFDFD}.Release|Any CPU.Build.0 = Release|Any CPU
		{99B5A993-4921-427C-898F-1EB8E0E4FD45}.Debug|Any CPU.ActiveCfg = Debug|Any CPU
		{99B5A993-4921-427C-898F-1EB8E0E4FD45}.Debug|Any CPU.Build.0 = Debug|Any CPU
		{99B5A993-4921-427C-898F-1EB8E0E4FD45}.Release|Any CPU.ActiveCfg = Release|Any CPU
		{99B5A993-4921-427C-898F-1EB8E0E4FD45}.Release|Any CPU.Build.0 = Release|Any CPU
		{C8337530-4E83-4A9B-907F-02ADEFE504A0}.Debug|Any CPU.ActiveCfg = Debug|Any CPU
		{C8337530-4E83-4A9B-907F-02ADEFE504A0}.Debug|Any CPU.Build.0 = Debug|Any CPU
		{C8337530-4E83-4A9B-907F-02ADEFE504A0}.Release|Any CPU.ActiveCfg = Release|Any CPU
		{C8337530-4E83-4A9B-907F-02ADEFE504A0}.Release|Any CPU.Build.0 = Release|Any CPU
		{FECA8A7D-9B3B-4EAE-B56F-02852DBCF6CC}.Debug|Any CPU.ActiveCfg = Debug|Any CPU
		{FECA8A7D-9B3B-4EAE-B56F-02852DBCF6CC}.Debug|Any CPU.Build.0 = Debug|Any CPU
		{FECA8A7D-9B3B-4EAE-B56F-02852DBCF6CC}.Release|Any CPU.ActiveCfg = Release|Any CPU
		{FECA8A7D-9B3B-4EAE-B56F-02852DBCF6CC}.Release|Any CPU.Build.0 = Release|Any CPU
		{DD596874-3D98-4ECA-9506-1E30066ACC29}.Debug|Any CPU.ActiveCfg = Debug|Any CPU
		{DD596874-3D98-4ECA-9506-1E30066ACC29}.Debug|Any CPU.Build.0 = Debug|Any CPU
		{DD596874-3D98-4ECA-9506-1E30066ACC29}.Release|Any CPU.ActiveCfg = Release|Any CPU
		{DD596874-3D98-4ECA-9506-1E30066ACC29}.Release|Any CPU.Build.0 = Release|Any CPU
	EndGlobalSection
	GlobalSection(SolutionProperties) = preSolution
		HideSolutionNode = FALSE
	EndGlobalSection
	GlobalSection(ExtensibilityGlobals) = postSolution
		SolutionGuid = {D69090F2-6E07-4926-8316-6C3508AF85C1}
	EndGlobalSection
EndGlobal
