
Microsoft Visual Studio Solution File, Format Version 12.00
# Visual Studio Version 16
VisualStudioVersion = 16.0.32106.194
MinimumVisualStudioVersion = 10.0.40219.1
Project("{FAE04EC0-301F-11D3-BF4B-00C04F79EFBC}") = "01. Move Down-Right", "01. Move Down-Right\01. Move Down-Right.csproj", "{48C0C186-E57B-4A6C-B625-E680BE2C11D2}"
EndProject
Project("{FAE04EC0-301F-11D3-BF4B-00C04F79EFBC}") = "02. Universes", "02. Universes\02. Universes.csproj", "{493D76C3-71DA-42D5-A8CB-EEF8412DEC6F}"
EndProject
Project("{FAE04EC0-301F-11D3-BF4B-00C04F79EFBC}") = "03. Strings Mashup", "03. Strings Mashup\03. Strings Mashup.csproj", "{27E6AEA7-0699-445E-B2EB-75B79EC658EC}"
EndProject
Global
	GlobalSection(SolutionConfigurationPlatforms) = preSolution
		Debug|Any CPU = Debug|Any CPU
		Release|Any CPU = Release|Any CPU
	EndGlobalSection
	GlobalSection(ProjectConfigurationPlatforms) = postSolution
		{48C0C186-E57B-4A6C-B625-E680BE2C11D2}.Debug|Any CPU.ActiveCfg = Debug|Any CPU
		{48C0C186-E57B-4A6C-B625-E680BE2C11D2}.Debug|Any CPU.Build.0 = Debug|Any CPU
		{48C0C186-E57B-4A6C-B625-E680BE2C11D2}.Release|Any CPU.ActiveCfg = Release|Any CPU
		{48C0C186-E57B-4A6C-B625-E680BE2C11D2}.Release|Any CPU.Build.0 = Release|Any CPU
		{493D76C3-71DA-42D5-A8CB-EEF8412DEC6F}.Debug|Any CPU.ActiveCfg = Debug|Any CPU
		{493D76C3-71DA-42D5-A8CB-EEF8412DEC6F}.Debug|Any CPU.Build.0 = Debug|Any CPU
		{493D76C3-71DA-42D5-A8CB-EEF8412DEC6F}.Release|Any CPU.ActiveCfg = Release|Any CPU
		{493D76C3-71DA-42D5-A8CB-EEF8412DEC6F}.Release|Any CPU.Build.0 = Release|Any CPU
		{27E6AEA7-0699-445E-B2EB-75B79EC658EC}.Debug|Any CPU.ActiveCfg = Debug|Any CPU
		{27E6AEA7-0699-445E-B2EB-75B79EC658EC}.Debug|Any CPU.Build.0 = Debug|Any CPU
		{27E6AEA7-0699-445E-B2EB-75B79EC658EC}.Release|Any CPU.ActiveCfg = Release|Any CPU
		{27E6AEA7-0699-445E-B2EB-75B79EC658EC}.Release|Any CPU.Build.0 = Release|Any CPU
	EndGlobalSection
	GlobalSection(SolutionProperties) = preSolution
		HideSolutionNode = FALSE
	EndGlobalSection
	GlobalSection(ExtensibilityGlobals) = postSolution
		SolutionGuid = {933A4125-9391-499C-A885-3718BB5D7CA6}
	EndGlobalSection
EndGlobal
