
Microsoft Visual Studio Solution File, Format Version 12.00
# Visual Studio Version 16
VisualStudioVersion = 16.0.31515.178
MinimumVisualStudioVersion = 10.0.40219.1
Project("{FAE04EC0-301F-11D3-BF4B-00C04F79EFBC}") = "01. Match Full Name", "01. Match Full Name\01. Match Full Name.csproj", "{05AB2FD7-AFDC-431B-B736-73659DEF7E29}"
EndProject
Project("{FAE04EC0-301F-11D3-BF4B-00C04F79EFBC}") = "02. Match Phone Number", "02. Match Phone Number\02. Match Phone Number.csproj", "{BCAFC12B-DB07-47FD-A231-6B16CB0A87DA}"
EndProject
Project("{FAE04EC0-301F-11D3-BF4B-00C04F79EFBC}") = "03. Match Dates", "03. Match Dates\03. Match Dates.csproj", "{B8BD8836-DAA2-42C3-8277-DD800FD9016B}"
EndProject
Global
	GlobalSection(SolutionConfigurationPlatforms) = preSolution
		Debug|Any CPU = Debug|Any CPU
		Release|Any CPU = Release|Any CPU
	EndGlobalSection
	GlobalSection(ProjectConfigurationPlatforms) = postSolution
		{05AB2FD7-AFDC-431B-B736-73659DEF7E29}.Debug|Any CPU.ActiveCfg = Debug|Any CPU
		{05AB2FD7-AFDC-431B-B736-73659DEF7E29}.Debug|Any CPU.Build.0 = Debug|Any CPU
		{05AB2FD7-AFDC-431B-B736-73659DEF7E29}.Release|Any CPU.ActiveCfg = Release|Any CPU
		{05AB2FD7-AFDC-431B-B736-73659DEF7E29}.Release|Any CPU.Build.0 = Release|Any CPU
		{BCAFC12B-DB07-47FD-A231-6B16CB0A87DA}.Debug|Any CPU.ActiveCfg = Debug|Any CPU
		{BCAFC12B-DB07-47FD-A231-6B16CB0A87DA}.Debug|Any CPU.Build.0 = Debug|Any CPU
		{BCAFC12B-DB07-47FD-A231-6B16CB0A87DA}.Release|Any CPU.ActiveCfg = Release|Any CPU
		{BCAFC12B-DB07-47FD-A231-6B16CB0A87DA}.Release|Any CPU.Build.0 = Release|Any CPU
		{B8BD8836-DAA2-42C3-8277-DD800FD9016B}.Debug|Any CPU.ActiveCfg = Debug|Any CPU
		{B8BD8836-DAA2-42C3-8277-DD800FD9016B}.Debug|Any CPU.Build.0 = Debug|Any CPU
		{B8BD8836-DAA2-42C3-8277-DD800FD9016B}.Release|Any CPU.ActiveCfg = Release|Any CPU
		{B8BD8836-DAA2-42C3-8277-DD800FD9016B}.Release|Any CPU.Build.0 = Release|Any CPU
	EndGlobalSection
	GlobalSection(SolutionProperties) = preSolution
		HideSolutionNode = FALSE
	EndGlobalSection
	GlobalSection(ExtensibilityGlobals) = postSolution
		SolutionGuid = {235C0856-7745-4ACF-84F6-B762A4AD94DC}
	EndGlobalSection
EndGlobal
