
Microsoft Visual Studio Solution File, Format Version 12.00
# Visual Studio Version 16
VisualStudioVersion = 16.0.31424.327
MinimumVisualStudioVersion = 10.0.40219.1
Project("{FAE04EC0-301F-11D3-BF4B-00C04F79EFBC}") = "01. Computer Store", "01. Computer Store\01. Computer Store.csproj", "{1522E577-3E2C-4B99-AF37-CC716E475066}"
EndProject
Project("{FAE04EC0-301F-11D3-BF4B-00C04F79EFBC}") = "02. The Lift", "02. The Lift\02. The Lift.csproj", "{EC88C0B5-7AF8-4029-AFCC-8396B16FCE16}"
EndProject
Project("{FAE04EC0-301F-11D3-BF4B-00C04F79EFBC}") = "03. Memory Game", "03. Memory Game\03. Memory Game.csproj", "{CF72F0E4-96C0-41EE-A1AD-54AD0F7B6CC6}"
EndProject
Global
	GlobalSection(SolutionConfigurationPlatforms) = preSolution
		Debug|Any CPU = Debug|Any CPU
		Release|Any CPU = Release|Any CPU
	EndGlobalSection
	GlobalSection(ProjectConfigurationPlatforms) = postSolution
		{1522E577-3E2C-4B99-AF37-CC716E475066}.Debug|Any CPU.ActiveCfg = Debug|Any CPU
		{1522E577-3E2C-4B99-AF37-CC716E475066}.Debug|Any CPU.Build.0 = Debug|Any CPU
		{1522E577-3E2C-4B99-AF37-CC716E475066}.Release|Any CPU.ActiveCfg = Release|Any CPU
		{1522E577-3E2C-4B99-AF37-CC716E475066}.Release|Any CPU.Build.0 = Release|Any CPU
		{EC88C0B5-7AF8-4029-AFCC-8396B16FCE16}.Debug|Any CPU.ActiveCfg = Debug|Any CPU
		{EC88C0B5-7AF8-4029-AFCC-8396B16FCE16}.Debug|Any CPU.Build.0 = Debug|Any CPU
		{EC88C0B5-7AF8-4029-AFCC-8396B16FCE16}.Release|Any CPU.ActiveCfg = Release|Any CPU
		{EC88C0B5-7AF8-4029-AFCC-8396B16FCE16}.Release|Any CPU.Build.0 = Release|Any CPU
		{CF72F0E4-96C0-41EE-A1AD-54AD0F7B6CC6}.Debug|Any CPU.ActiveCfg = Debug|Any CPU
		{CF72F0E4-96C0-41EE-A1AD-54AD0F7B6CC6}.Debug|Any CPU.Build.0 = Debug|Any CPU
		{CF72F0E4-96C0-41EE-A1AD-54AD0F7B6CC6}.Release|Any CPU.ActiveCfg = Release|Any CPU
		{CF72F0E4-96C0-41EE-A1AD-54AD0F7B6CC6}.Release|Any CPU.Build.0 = Release|Any CPU
	EndGlobalSection
	GlobalSection(SolutionProperties) = preSolution
		HideSolutionNode = FALSE
	EndGlobalSection
	GlobalSection(ExtensibilityGlobals) = postSolution
		SolutionGuid = {007413D6-CB6C-4073-A371-407C0C85D831}
	EndGlobalSection
EndGlobal
