
Microsoft Visual Studio Solution File, Format Version 12.00
# Visual Studio Version 16
VisualStudioVersion = 16.0.32106.194
MinimumVisualStudioVersion = 10.0.40219.1
Project("{FAE04EC0-301F-11D3-BF4B-00C04F79EFBC}") = "01. Strings Mashup", "01. Strings Mashup\01. Strings Mashup.csproj", "{DE86FDF6-745A-4418-8C4C-2669A0C7C44B}"
EndProject
Project("{FAE04EC0-301F-11D3-BF4B-00C04F79EFBC}") = "02. Rumors", "02. Rumors\02. Rumors.csproj", "{5C25A818-9E39-4B7C-B823-4E3E5FC4CBE4}"
EndProject
Project("{FAE04EC0-301F-11D3-BF4B-00C04F79EFBC}") = "03. Bank Robbery", "03. Bank Robbery\03. Bank Robbery.csproj", "{E91B8F02-FE8E-4C4C-A6BF-775B606FE00B}"
EndProject
Global
	GlobalSection(SolutionConfigurationPlatforms) = preSolution
		Debug|Any CPU = Debug|Any CPU
		Release|Any CPU = Release|Any CPU
	EndGlobalSection
	GlobalSection(ProjectConfigurationPlatforms) = postSolution
		{DE86FDF6-745A-4418-8C4C-2669A0C7C44B}.Debug|Any CPU.ActiveCfg = Debug|Any CPU
		{DE86FDF6-745A-4418-8C4C-2669A0C7C44B}.Debug|Any CPU.Build.0 = Debug|Any CPU
		{DE86FDF6-745A-4418-8C4C-2669A0C7C44B}.Release|Any CPU.ActiveCfg = Release|Any CPU
		{DE86FDF6-745A-4418-8C4C-2669A0C7C44B}.Release|Any CPU.Build.0 = Release|Any CPU
		{5C25A818-9E39-4B7C-B823-4E3E5FC4CBE4}.Debug|Any CPU.ActiveCfg = Debug|Any CPU
		{5C25A818-9E39-4B7C-B823-4E3E5FC4CBE4}.Debug|Any CPU.Build.0 = Debug|Any CPU
		{5C25A818-9E39-4B7C-B823-4E3E5FC4CBE4}.Release|Any CPU.ActiveCfg = Release|Any CPU
		{5C25A818-9E39-4B7C-B823-4E3E5FC4CBE4}.Release|Any CPU.Build.0 = Release|Any CPU
		{E91B8F02-FE8E-4C4C-A6BF-775B606FE00B}.Debug|Any CPU.ActiveCfg = Debug|Any CPU
		{E91B8F02-FE8E-4C4C-A6BF-775B606FE00B}.Debug|Any CPU.Build.0 = Debug|Any CPU
		{E91B8F02-FE8E-4C4C-A6BF-775B606FE00B}.Release|Any CPU.ActiveCfg = Release|Any CPU
		{E91B8F02-FE8E-4C4C-A6BF-775B606FE00B}.Release|Any CPU.Build.0 = Release|Any CPU
	EndGlobalSection
	GlobalSection(SolutionProperties) = preSolution
		HideSolutionNode = FALSE
	EndGlobalSection
	GlobalSection(ExtensibilityGlobals) = postSolution
		SolutionGuid = {4F357C6D-4AED-4738-B2A5-AE411AAFA136}
	EndGlobalSection
EndGlobal
