
Microsoft Visual Studio Solution File, Format Version 12.00
# Visual Studio Version 16
VisualStudioVersion = 16.0.31424.327
MinimumVisualStudioVersion = 10.0.40219.1
Project("{FAE04EC0-301F-11D3-BF4B-00C04F79EFBC}") = "01. Reverse Strings", "01. Reverse Strings\01. Reverse Strings.csproj", "{DE8529C4-B7F6-48BD-8AA1-A33D9ECC7BBA}"
EndProject
Project("{FAE04EC0-301F-11D3-BF4B-00C04F79EFBC}") = "02. Repeat Strings", "02. Repeat Strings\02. Repeat Strings.csproj", "{23F58377-7D78-4F14-98E9-4FDD13C7A52C}"
EndProject
Project("{FAE04EC0-301F-11D3-BF4B-00C04F79EFBC}") = "03. Substring", "03. Substring\03. Substring.csproj", "{0163AB67-2A27-4CE4-8DE8-72AFE6D25ACA}"
EndProject
Project("{FAE04EC0-301F-11D3-BF4B-00C04F79EFBC}") = "04. Text Filter", "04. Text Filter\04. Text Filter.csproj", "{5A725236-DEC1-4D0C-B1F8-388600EFC0EA}"
EndProject
Project("{FAE04EC0-301F-11D3-BF4B-00C04F79EFBC}") = "05. Digits, Letters and Other", "05. Digits, Letters and Other\05. Digits, Letters and Other.csproj", "{B02454FA-C6DE-45DE-9ED1-81DD19CDA0A1}"
EndProject
Global
	GlobalSection(SolutionConfigurationPlatforms) = preSolution
		Debug|Any CPU = Debug|Any CPU
		Release|Any CPU = Release|Any CPU
	EndGlobalSection
	GlobalSection(ProjectConfigurationPlatforms) = postSolution
		{DE8529C4-B7F6-48BD-8AA1-A33D9ECC7BBA}.Debug|Any CPU.ActiveCfg = Debug|Any CPU
		{DE8529C4-B7F6-48BD-8AA1-A33D9ECC7BBA}.Debug|Any CPU.Build.0 = Debug|Any CPU
		{DE8529C4-B7F6-48BD-8AA1-A33D9ECC7BBA}.Release|Any CPU.ActiveCfg = Release|Any CPU
		{DE8529C4-B7F6-48BD-8AA1-A33D9ECC7BBA}.Release|Any CPU.Build.0 = Release|Any CPU
		{23F58377-7D78-4F14-98E9-4FDD13C7A52C}.Debug|Any CPU.ActiveCfg = Debug|Any CPU
		{23F58377-7D78-4F14-98E9-4FDD13C7A52C}.Debug|Any CPU.Build.0 = Debug|Any CPU
		{23F58377-7D78-4F14-98E9-4FDD13C7A52C}.Release|Any CPU.ActiveCfg = Release|Any CPU
		{23F58377-7D78-4F14-98E9-4FDD13C7A52C}.Release|Any CPU.Build.0 = Release|Any CPU
		{0163AB67-2A27-4CE4-8DE8-72AFE6D25ACA}.Debug|Any CPU.ActiveCfg = Debug|Any CPU
		{0163AB67-2A27-4CE4-8DE8-72AFE6D25ACA}.Debug|Any CPU.Build.0 = Debug|Any CPU
		{0163AB67-2A27-4CE4-8DE8-72AFE6D25ACA}.Release|Any CPU.ActiveCfg = Release|Any CPU
		{0163AB67-2A27-4CE4-8DE8-72AFE6D25ACA}.Release|Any CPU.Build.0 = Release|Any CPU
		{5A725236-DEC1-4D0C-B1F8-388600EFC0EA}.Debug|Any CPU.ActiveCfg = Debug|Any CPU
		{5A725236-DEC1-4D0C-B1F8-388600EFC0EA}.Debug|Any CPU.Build.0 = Debug|Any CPU
		{5A725236-DEC1-4D0C-B1F8-388600EFC0EA}.Release|Any CPU.ActiveCfg = Release|Any CPU
		{5A725236-DEC1-4D0C-B1F8-388600EFC0EA}.Release|Any CPU.Build.0 = Release|Any CPU
		{B02454FA-C6DE-45DE-9ED1-81DD19CDA0A1}.Debug|Any CPU.ActiveCfg = Debug|Any CPU
		{B02454FA-C6DE-45DE-9ED1-81DD19CDA0A1}.Debug|Any CPU.Build.0 = Debug|Any CPU
		{B02454FA-C6DE-45DE-9ED1-81DD19CDA0A1}.Release|Any CPU.ActiveCfg = Release|Any CPU
		{B02454FA-C6DE-45DE-9ED1-81DD19CDA0A1}.Release|Any CPU.Build.0 = Release|Any CPU
	EndGlobalSection
	GlobalSection(SolutionProperties) = preSolution
		HideSolutionNode = FALSE
	EndGlobalSection
	GlobalSection(ExtensibilityGlobals) = postSolution
		SolutionGuid = {40482DC7-A0F7-4A3C-A5BD-09D5319B7E05}
	EndGlobalSection
EndGlobal
