
Microsoft Visual Studio Solution File, Format Version 12.00
# Visual Studio Version 16
VisualStudioVersion = 16.0.31424.327
MinimumVisualStudioVersion = 10.0.40219.1
Project("{9A19103F-16F7-4668-BE54-9A1E7A4F7556}") = "01. Ranking", "01. Ranking\01. Ranking.csproj", "{65429EA7-9B10-4C37-B570-B705B185F79A}"
EndProject
Project("{9A19103F-16F7-4668-BE54-9A1E7A4F7556}") = "02. Judge", "02. Judge\02. Judge.csproj", "{05965D31-5532-4392-957E-C720CC2E5388}"
EndProject
Project("{9A19103F-16F7-4668-BE54-9A1E7A4F7556}") = "03. MOBA Challenger", "03. MOBA Challenger\03. MOBA Challenger.csproj", "{2FC7D7D5-FA65-403E-92D5-E7FE1E6101A0}"
EndProject
Project("{9A19103F-16F7-4668-BE54-9A1E7A4F7556}") = "04. Snowwhite", "04. Snowwhite\04. Snowwhite.csproj", "{F8E00A72-E3B7-409A-987D-BDC047ABB301}"
EndProject
Project("{FAE04EC0-301F-11D3-BF4B-00C04F79EFBC}") = "04. Snowwhite (2)", "04. Snowwhite (2)\04. Snowwhite (2).csproj", "{E844249A-89DD-46A4-84D2-D1FEE5C43541}"
EndProject
Project("{FAE04EC0-301F-11D3-BF4B-00C04F79EFBC}") = "05. Dragon Army", "05. Dragon Army\05. Dragon Army.csproj", "{9A361105-8BF1-4871-82EB-BDA699DA2164}"
EndProject
Global
	GlobalSection(SolutionConfigurationPlatforms) = preSolution
		Debug|Any CPU = Debug|Any CPU
		Release|Any CPU = Release|Any CPU
	EndGlobalSection
	GlobalSection(ProjectConfigurationPlatforms) = postSolution
		{65429EA7-9B10-4C37-B570-B705B185F79A}.Debug|Any CPU.ActiveCfg = Debug|Any CPU
		{65429EA7-9B10-4C37-B570-B705B185F79A}.Debug|Any CPU.Build.0 = Debug|Any CPU
		{65429EA7-9B10-4C37-B570-B705B185F79A}.Release|Any CPU.ActiveCfg = Release|Any CPU
		{65429EA7-9B10-4C37-B570-B705B185F79A}.Release|Any CPU.Build.0 = Release|Any CPU
		{05965D31-5532-4392-957E-C720CC2E5388}.Debug|Any CPU.ActiveCfg = Debug|Any CPU
		{05965D31-5532-4392-957E-C720CC2E5388}.Debug|Any CPU.Build.0 = Debug|Any CPU
		{05965D31-5532-4392-957E-C720CC2E5388}.Release|Any CPU.ActiveCfg = Release|Any CPU
		{05965D31-5532-4392-957E-C720CC2E5388}.Release|Any CPU.Build.0 = Release|Any CPU
		{2FC7D7D5-FA65-403E-92D5-E7FE1E6101A0}.Debug|Any CPU.ActiveCfg = Debug|Any CPU
		{2FC7D7D5-FA65-403E-92D5-E7FE1E6101A0}.Debug|Any CPU.Build.0 = Debug|Any CPU
		{2FC7D7D5-FA65-403E-92D5-E7FE1E6101A0}.Release|Any CPU.ActiveCfg = Release|Any CPU
		{2FC7D7D5-FA65-403E-92D5-E7FE1E6101A0}.Release|Any CPU.Build.0 = Release|Any CPU
		{F8E00A72-E3B7-409A-987D-BDC047ABB301}.Debug|Any CPU.ActiveCfg = Debug|Any CPU
		{F8E00A72-E3B7-409A-987D-BDC047ABB301}.Debug|Any CPU.Build.0 = Debug|Any CPU
		{F8E00A72-E3B7-409A-987D-BDC047ABB301}.Release|Any CPU.ActiveCfg = Release|Any CPU
		{F8E00A72-E3B7-409A-987D-BDC047ABB301}.Release|Any CPU.Build.0 = Release|Any CPU
		{E844249A-89DD-46A4-84D2-D1FEE5C43541}.Debug|Any CPU.ActiveCfg = Debug|Any CPU
		{E844249A-89DD-46A4-84D2-D1FEE5C43541}.Debug|Any CPU.Build.0 = Debug|Any CPU
		{E844249A-89DD-46A4-84D2-D1FEE5C43541}.Release|Any CPU.ActiveCfg = Release|Any CPU
		{E844249A-89DD-46A4-84D2-D1FEE5C43541}.Release|Any CPU.Build.0 = Release|Any CPU
		{9A361105-8BF1-4871-82EB-BDA699DA2164}.Debug|Any CPU.ActiveCfg = Debug|Any CPU
		{9A361105-8BF1-4871-82EB-BDA699DA2164}.Debug|Any CPU.Build.0 = Debug|Any CPU
		{9A361105-8BF1-4871-82EB-BDA699DA2164}.Release|Any CPU.ActiveCfg = Release|Any CPU
		{9A361105-8BF1-4871-82EB-BDA699DA2164}.Release|Any CPU.Build.0 = Release|Any CPU
	EndGlobalSection
	GlobalSection(SolutionProperties) = preSolution
		HideSolutionNode = FALSE
	EndGlobalSection
	GlobalSection(ExtensibilityGlobals) = postSolution
		SolutionGuid = {082707DC-9637-4361-A4A3-2F4C005758A0}
	EndGlobalSection
EndGlobal
