
Microsoft Visual Studio Solution File, Format Version 12.00
# Visual Studio Version 16
VisualStudioVersion = 16.0.31729.503
MinimumVisualStudioVersion = 10.0.40219.1
Project("{9A19103F-16F7-4668-BE54-9A1E7A4F7556}") = "01.Persons", "01.Persons\01.Persons.csproj", "{6D4FCFDD-4323-4EDC-9394-81ECB0C15FDC}"
EndProject
Project("{FAE04EC0-301F-11D3-BF4B-00C04F79EFBC}") = "02.Salary", "02.Salary\02.Salary.csproj", "{450A20FC-1071-4AAC-9A41-3A247BFA99C6}"
EndProject
Project("{FAE04EC0-301F-11D3-BF4B-00C04F79EFBC}") = "03. Validation", "03. Validation\03. Validation.csproj", "{C12D4EDA-3046-4011-A1A1-50CD2A262E74}"
EndProject
Project("{FAE04EC0-301F-11D3-BF4B-00C04F79EFBC}") = "04.Team", "04.Team\04.Team.csproj", "{0EB5B8EC-B4DD-4594-B8FC-C27CCA034420}"
EndProject
Global
	GlobalSection(SolutionConfigurationPlatforms) = preSolution
		Debug|Any CPU = Debug|Any CPU
		Release|Any CPU = Release|Any CPU
	EndGlobalSection
	GlobalSection(ProjectConfigurationPlatforms) = postSolution
		{6D4FCFDD-4323-4EDC-9394-81ECB0C15FDC}.Debug|Any CPU.ActiveCfg = Debug|Any CPU
		{6D4FCFDD-4323-4EDC-9394-81ECB0C15FDC}.Debug|Any CPU.Build.0 = Debug|Any CPU
		{6D4FCFDD-4323-4EDC-9394-81ECB0C15FDC}.Release|Any CPU.ActiveCfg = Release|Any CPU
		{6D4FCFDD-4323-4EDC-9394-81ECB0C15FDC}.Release|Any CPU.Build.0 = Release|Any CPU
		{450A20FC-1071-4AAC-9A41-3A247BFA99C6}.Debug|Any CPU.ActiveCfg = Debug|Any CPU
		{450A20FC-1071-4AAC-9A41-3A247BFA99C6}.Debug|Any CPU.Build.0 = Debug|Any CPU
		{450A20FC-1071-4AAC-9A41-3A247BFA99C6}.Release|Any CPU.ActiveCfg = Release|Any CPU
		{450A20FC-1071-4AAC-9A41-3A247BFA99C6}.Release|Any CPU.Build.0 = Release|Any CPU
		{C12D4EDA-3046-4011-A1A1-50CD2A262E74}.Debug|Any CPU.ActiveCfg = Debug|Any CPU
		{C12D4EDA-3046-4011-A1A1-50CD2A262E74}.Debug|Any CPU.Build.0 = Debug|Any CPU
		{C12D4EDA-3046-4011-A1A1-50CD2A262E74}.Release|Any CPU.ActiveCfg = Release|Any CPU
		{C12D4EDA-3046-4011-A1A1-50CD2A262E74}.Release|Any CPU.Build.0 = Release|Any CPU
		{0EB5B8EC-B4DD-4594-B8FC-C27CCA034420}.Debug|Any CPU.ActiveCfg = Debug|Any CPU
		{0EB5B8EC-B4DD-4594-B8FC-C27CCA034420}.Debug|Any CPU.Build.0 = Debug|Any CPU
		{0EB5B8EC-B4DD-4594-B8FC-C27CCA034420}.Release|Any CPU.ActiveCfg = Release|Any CPU
		{0EB5B8EC-B4DD-4594-B8FC-C27CCA034420}.Release|Any CPU.Build.0 = Release|Any CPU
	EndGlobalSection
	GlobalSection(SolutionProperties) = preSolution
		HideSolutionNode = FALSE
	EndGlobalSection
	GlobalSection(ExtensibilityGlobals) = postSolution
		SolutionGuid = {E14AE680-E9C3-4789-9DAE-5196429490A8}
	EndGlobalSection
EndGlobal
